
Microsoft Visual Studio Solution File, Format Version 12.00
# Visual Studio 2012
Project("{FAE04EC0-301F-11D3-BF4B-00C04F79EFBC}") = "02.StringReverse", "StringReverse\02.StringReverse.csproj", "{DFB519C6-7AF1-4E5D-BBDF-D0B1D9034E3A}"
EndProject
Project("{FAE04EC0-301F-11D3-BF4B-00C04F79EFBC}") = "03.CheckTheBrackets", "CheckTheBrackets\03.CheckTheBrackets.csproj", "{6663773C-B8FE-4FF6-8C24-64FF4A1687AD}"
EndProject
Project("{FAE04EC0-301F-11D3-BF4B-00C04F79EFBC}") = "04.InsensitiveSearchInText", "InsensitiveSearchInText\04.InsensitiveSearchInText.csproj", "{18450D9F-3F93-4D10-9A4F-78A23AC34D90}"
EndProject
Project("{FAE04EC0-301F-11D3-BF4B-00C04F79EFBC}") = "05.ChangeTextCase", "ChangeTextCase\05.ChangeTextCase.csproj", "{270E57CA-2884-4531-8C13-C3141813B0D0}"
EndProject
Project("{FAE04EC0-301F-11D3-BF4B-00C04F79EFBC}") = "06.ReadMaxTwentyChars", "ReadMaxTwentyChars\06.ReadMaxTwentyChars.csproj", "{B2B30331-5D6D-4338-92F4-702750AC27E9}"
EndProject
Project("{FAE04EC0-301F-11D3-BF4B-00C04F79EFBC}") = "07.EncodeAndDecodeString", "EncodeAndDecodeString\07.EncodeAndDecodeString.csproj", "{8D993749-5EA0-4A35-B835-ECB0CE98567E}"
EndProject
Project("{FAE04EC0-301F-11D3-BF4B-00C04F79EFBC}") = "08.ExtractSentences", "ExtractSentences\08.ExtractSentences.csproj", "{B7E00E0B-3329-4804-9400-038F8CAB588D}"
EndProject
Project("{FAE04EC0-301F-11D3-BF4B-00C04F79EFBC}") = "09.ReplaceWords", "ReplaceWords\09.ReplaceWords.csproj", "{677B3D1A-6180-41C5-AA63-E913B259AA7F}"
EndProject
Project("{FAE04EC0-301F-11D3-BF4B-00C04F79EFBC}") = "10.ConvertStringToUnicodeChars", "ConvertStringToUnicodeChars\10.ConvertStringToUnicodeChars.csproj", "{618C376F-0944-410A-AFAE-AFD36C904BAE}"
EndProject
Project("{FAE04EC0-301F-11D3-BF4B-00C04F79EFBC}") = "11.FormatOutput", "FormatOutput\11.FormatOutput.csproj", "{A22C3639-DF50-477B-A136-261F6A59542D}"
EndProject
Project("{FAE04EC0-301F-11D3-BF4B-00C04F79EFBC}") = "12.ParseURLAddress", "ParseURLAddress\12.ParseURLAddress.csproj", "{CD822A09-B73A-4794-9A35-D9E0C4A33B88}"
EndProject
Project("{FAE04EC0-301F-11D3-BF4B-00C04F79EFBC}") = "13.ReverseWordsInSentence", "ReverseWordsInSentence\13.ReverseWordsInSentence.csproj", "{792055BE-F1ED-45AD-8BAB-ECED69AF19F7}"
EndProject
Project("{FAE04EC0-301F-11D3-BF4B-00C04F79EFBC}") = "14.TranslateByDictionary", "TranslateByDictionary\14.TranslateByDictionary.csproj", "{858B827A-328B-4375-ADD0-99E9EA62ABED}"
EndProject
Project("{FAE04EC0-301F-11D3-BF4B-00C04F79EFBC}") = "15.ReplaceTagsInHTML", "ReplaceTagsInHTML\15.ReplaceTagsInHTML.csproj", "{D872611E-CEEA-4AE8-AE55-194270EBE084}"
EndProject
Project("{FAE04EC0-301F-11D3-BF4B-00C04F79EFBC}") = "16.DaysBetweenDates", "DaysBetweenDates\16.DaysBetweenDates.csproj", "{83F8ACAA-DFB0-45B5-9D29-535E058BFC2A}"
EndProject
Project("{FAE04EC0-301F-11D3-BF4B-00C04F79EFBC}") = "17.DateAndTime", "DateAndTime\17.DateAndTime.csproj", "{75E94534-9F89-424A-9DC3-877A509F9EAE}"
EndProject
Project("{FAE04EC0-301F-11D3-BF4B-00C04F79EFBC}") = "18.ExtractEmailAddresses", "ExtractEmailAddresses\18.ExtractEmailAddresses.csproj", "{54AFF308-EDDF-4E4E-BF7C-D999F6000A51}"
EndProject
Project("{FAE04EC0-301F-11D3-BF4B-00C04F79EFBC}") = "19.ExtractDates", "ExtractDates\19.ExtractDates.csproj", "{3BF621A7-D96D-4DCC-9FCF-79595B3BA321}"
EndProject
Project("{FAE04EC0-301F-11D3-BF4B-00C04F79EFBC}") = "20.ExtractPalindromes", "ExtractPalindromes\20.ExtractPalindromes.csproj", "{71A05934-B5C8-4C7B-900A-6F8B4B3FF811}"
EndProject
Project("{FAE04EC0-301F-11D3-BF4B-00C04F79EFBC}") = "21.FindDifferentLetters", "FindDifferentLetters\21.FindDifferentLetters.csproj", "{A7CA31B1-1DF1-4AC1-BF5B-22F1200A1522}"
EndProject
Project("{FAE04EC0-301F-11D3-BF4B-00C04F79EFBC}") = "22.FindDifferentWords", "FindDifferentWords\22.FindDifferentWords.csproj", "{E4487DA8-A21F-4A37-B267-8147EA289842}"
EndProject
Project("{FAE04EC0-301F-11D3-BF4B-00C04F79EFBC}") = "23.ConsecutiveIdenticalLetters", "ConsecutiveIdenticalLetters\23.ConsecutiveIdenticalLetters.csproj", "{9AAF230A-8200-44B3-820C-2735D7674444}"
EndProject
Project("{FAE04EC0-301F-11D3-BF4B-00C04F79EFBC}") = "24.SortListOfWords", "SortListOfWords\24.SortListOfWords.csproj", "{624A70F2-E052-48A0-84C3-BFDA800D2839}"
EndProject
Project("{FAE04EC0-301F-11D3-BF4B-00C04F79EFBC}") = "25.ExtractTextFromHTML", "ExtractTextFromHTML\25.ExtractTextFromHTML.csproj", "{C99203B6-4ECF-464A-900F-D1475FE8C24A}"
EndProject
Project("{2150E333-8FDC-42A3-9474-1A3956D46DE8}") = "Additional Materials", "Additional Materials", "{F3392AB5-0074-42E3-A9AD-8657E74A7A90}"
	ProjectSection(SolutionItems) = preProject
		01.CSharpString.txt = 01.CSharpString.txt
	EndProjectSection
EndProject
Global
	GlobalSection(SolutionConfigurationPlatforms) = preSolution
		Debug|Any CPU = Debug|Any CPU
		Release|Any CPU = Release|Any CPU
	EndGlobalSection
	GlobalSection(ProjectConfigurationPlatforms) = postSolution
		{DFB519C6-7AF1-4E5D-BBDF-D0B1D9034E3A}.Debug|Any CPU.ActiveCfg = Debug|Any CPU
		{DFB519C6-7AF1-4E5D-BBDF-D0B1D9034E3A}.Debug|Any CPU.Build.0 = Debug|Any CPU
		{DFB519C6-7AF1-4E5D-BBDF-D0B1D9034E3A}.Release|Any CPU.ActiveCfg = Release|Any CPU
		{DFB519C6-7AF1-4E5D-BBDF-D0B1D9034E3A}.Release|Any CPU.Build.0 = Release|Any CPU
		{6663773C-B8FE-4FF6-8C24-64FF4A1687AD}.Debug|Any CPU.ActiveCfg = Debug|Any CPU
		{6663773C-B8FE-4FF6-8C24-64FF4A1687AD}.Debug|Any CPU.Build.0 = Debug|Any CPU
		{6663773C-B8FE-4FF6-8C24-64FF4A1687AD}.Release|Any CPU.ActiveCfg = Release|Any CPU
		{6663773C-B8FE-4FF6-8C24-64FF4A1687AD}.Release|Any CPU.Build.0 = Release|Any CPU
		{18450D9F-3F93-4D10-9A4F-78A23AC34D90}.Debug|Any CPU.ActiveCfg = Debug|Any CPU
		{18450D9F-3F93-4D10-9A4F-78A23AC34D90}.Debug|Any CPU.Build.0 = Debug|Any CPU
		{18450D9F-3F93-4D10-9A4F-78A23AC34D90}.Release|Any CPU.ActiveCfg = Release|Any CPU
		{18450D9F-3F93-4D10-9A4F-78A23AC34D90}.Release|Any CPU.Build.0 = Release|Any CPU
		{270E57CA-2884-4531-8C13-C3141813B0D0}.Debug|Any CPU.ActiveCfg = Debug|Any CPU
		{270E57CA-2884-4531-8C13-C3141813B0D0}.Debug|Any CPU.Build.0 = Debug|Any CPU
		{270E57CA-2884-4531-8C13-C3141813B0D0}.Release|Any CPU.ActiveCfg = Release|Any CPU
		{270E57CA-2884-4531-8C13-C3141813B0D0}.Release|Any CPU.Build.0 = Release|Any CPU
		{B2B30331-5D6D-4338-92F4-702750AC27E9}.Debug|Any CPU.ActiveCfg = Debug|Any CPU
		{B2B30331-5D6D-4338-92F4-702750AC27E9}.Debug|Any CPU.Build.0 = Debug|Any CPU
		{B2B30331-5D6D-4338-92F4-702750AC27E9}.Release|Any CPU.ActiveCfg = Release|Any CPU
		{B2B30331-5D6D-4338-92F4-702750AC27E9}.Release|Any CPU.Build.0 = Release|Any CPU
		{8D993749-5EA0-4A35-B835-ECB0CE98567E}.Debug|Any CPU.ActiveCfg = Debug|Any CPU
		{8D993749-5EA0-4A35-B835-ECB0CE98567E}.Debug|Any CPU.Build.0 = Debug|Any CPU
		{8D993749-5EA0-4A35-B835-ECB0CE98567E}.Release|Any CPU.ActiveCfg = Release|Any CPU
		{8D993749-5EA0-4A35-B835-ECB0CE98567E}.Release|Any CPU.Build.0 = Release|Any CPU
		{B7E00E0B-3329-4804-9400-038F8CAB588D}.Debug|Any CPU.ActiveCfg = Debug|Any CPU
		{B7E00E0B-3329-4804-9400-038F8CAB588D}.Debug|Any CPU.Build.0 = Debug|Any CPU
		{B7E00E0B-3329-4804-9400-038F8CAB588D}.Release|Any CPU.ActiveCfg = Release|Any CPU
		{B7E00E0B-3329-4804-9400-038F8CAB588D}.Release|Any CPU.Build.0 = Release|Any CPU
		{677B3D1A-6180-41C5-AA63-E913B259AA7F}.Debug|Any CPU.ActiveCfg = Debug|Any CPU
		{677B3D1A-6180-41C5-AA63-E913B259AA7F}.Debug|Any CPU.Build.0 = Debug|Any CPU
		{677B3D1A-6180-41C5-AA63-E913B259AA7F}.Release|Any CPU.ActiveCfg = Release|Any CPU
		{677B3D1A-6180-41C5-AA63-E913B259AA7F}.Release|Any CPU.Build.0 = Release|Any CPU
		{618C376F-0944-410A-AFAE-AFD36C904BAE}.Debug|Any CPU.ActiveCfg = Debug|Any CPU
		{618C376F-0944-410A-AFAE-AFD36C904BAE}.Debug|Any CPU.Build.0 = Debug|Any CPU
		{618C376F-0944-410A-AFAE-AFD36C904BAE}.Release|Any CPU.ActiveCfg = Release|Any CPU
		{618C376F-0944-410A-AFAE-AFD36C904BAE}.Release|Any CPU.Build.0 = Release|Any CPU
		{A22C3639-DF50-477B-A136-261F6A59542D}.Debug|Any CPU.ActiveCfg = Debug|Any CPU
		{A22C3639-DF50-477B-A136-261F6A59542D}.Debug|Any CPU.Build.0 = Debug|Any CPU
		{A22C3639-DF50-477B-A136-261F6A59542D}.Release|Any CPU.ActiveCfg = Release|Any CPU
		{A22C3639-DF50-477B-A136-261F6A59542D}.Release|Any CPU.Build.0 = Release|Any CPU
		{CD822A09-B73A-4794-9A35-D9E0C4A33B88}.Debug|Any CPU.ActiveCfg = Debug|Any CPU
		{CD822A09-B73A-4794-9A35-D9E0C4A33B88}.Debug|Any CPU.Build.0 = Debug|Any CPU
		{CD822A09-B73A-4794-9A35-D9E0C4A33B88}.Release|Any CPU.ActiveCfg = Release|Any CPU
		{CD822A09-B73A-4794-9A35-D9E0C4A33B88}.Release|Any CPU.Build.0 = Release|Any CPU
		{792055BE-F1ED-45AD-8BAB-ECED69AF19F7}.Debug|Any CPU.ActiveCfg = Debug|Any CPU
		{792055BE-F1ED-45AD-8BAB-ECED69AF19F7}.Debug|Any CPU.Build.0 = Debug|Any CPU
		{792055BE-F1ED-45AD-8BAB-ECED69AF19F7}.Release|Any CPU.ActiveCfg = Release|Any CPU
		{792055BE-F1ED-45AD-8BAB-ECED69AF19F7}.Release|Any CPU.Build.0 = Release|Any CPU
		{858B827A-328B-4375-ADD0-99E9EA62ABED}.Debug|Any CPU.ActiveCfg = Debug|Any CPU
		{858B827A-328B-4375-ADD0-99E9EA62ABED}.Debug|Any CPU.Build.0 = Debug|Any CPU
		{858B827A-328B-4375-ADD0-99E9EA62ABED}.Release|Any CPU.ActiveCfg = Release|Any CPU
		{858B827A-328B-4375-ADD0-99E9EA62ABED}.Release|Any CPU.Build.0 = Release|Any CPU
		{D872611E-CEEA-4AE8-AE55-194270EBE084}.Debug|Any CPU.ActiveCfg = Debug|Any CPU
		{D872611E-CEEA-4AE8-AE55-194270EBE084}.Debug|Any CPU.Build.0 = Debug|Any CPU
		{D872611E-CEEA-4AE8-AE55-194270EBE084}.Release|Any CPU.ActiveCfg = Release|Any CPU
		{D872611E-CEEA-4AE8-AE55-194270EBE084}.Release|Any CPU.Build.0 = Release|Any CPU
		{83F8ACAA-DFB0-45B5-9D29-535E058BFC2A}.Debug|Any CPU.ActiveCfg = Debug|Any CPU
		{83F8ACAA-DFB0-45B5-9D29-535E058BFC2A}.Debug|Any CPU.Build.0 = Debug|Any CPU
		{83F8ACAA-DFB0-45B5-9D29-535E058BFC2A}.Release|Any CPU.ActiveCfg = Release|Any CPU
		{83F8ACAA-DFB0-45B5-9D29-535E058BFC2A}.Release|Any CPU.Build.0 = Release|Any CPU
		{75E94534-9F89-424A-9DC3-877A509F9EAE}.Debug|Any CPU.ActiveCfg = Debug|Any CPU
		{75E94534-9F89-424A-9DC3-877A509F9EAE}.Debug|Any CPU.Build.0 = Debug|Any CPU
		{75E94534-9F89-424A-9DC3-877A509F9EAE}.Release|Any CPU.ActiveCfg = Release|Any CPU
		{75E94534-9F89-424A-9DC3-877A509F9EAE}.Release|Any CPU.Build.0 = Release|Any CPU
		{54AFF308-EDDF-4E4E-BF7C-D999F6000A51}.Debug|Any CPU.ActiveCfg = Debug|Any CPU
		{54AFF308-EDDF-4E4E-BF7C-D999F6000A51}.Debug|Any CPU.Build.0 = Debug|Any CPU
		{54AFF308-EDDF-4E4E-BF7C-D999F6000A51}.Release|Any CPU.ActiveCfg = Release|Any CPU
		{54AFF308-EDDF-4E4E-BF7C-D999F6000A51}.Release|Any CPU.Build.0 = Release|Any CPU
		{3BF621A7-D96D-4DCC-9FCF-79595B3BA321}.Debug|Any CPU.ActiveCfg = Debug|Any CPU
		{3BF621A7-D96D-4DCC-9FCF-79595B3BA321}.Debug|Any CPU.Build.0 = Debug|Any CPU
		{3BF621A7-D96D-4DCC-9FCF-79595B3BA321}.Release|Any CPU.ActiveCfg = Release|Any CPU
		{3BF621A7-D96D-4DCC-9FCF-79595B3BA321}.Release|Any CPU.Build.0 = Release|Any CPU
		{71A05934-B5C8-4C7B-900A-6F8B4B3FF811}.Debug|Any CPU.ActiveCfg = Debug|Any CPU
		{71A05934-B5C8-4C7B-900A-6F8B4B3FF811}.Debug|Any CPU.Build.0 = Debug|Any CPU
		{71A05934-B5C8-4C7B-900A-6F8B4B3FF811}.Release|Any CPU.ActiveCfg = Release|Any CPU
		{71A05934-B5C8-4C7B-900A-6F8B4B3FF811}.Release|Any CPU.Build.0 = Release|Any CPU
		{A7CA31B1-1DF1-4AC1-BF5B-22F1200A1522}.Debug|Any CPU.ActiveCfg = Debug|Any CPU
		{A7CA31B1-1DF1-4AC1-BF5B-22F1200A1522}.Debug|Any CPU.Build.0 = Debug|Any CPU
		{A7CA31B1-1DF1-4AC1-BF5B-22F1200A1522}.Release|Any CPU.ActiveCfg = Release|Any CPU
		{A7CA31B1-1DF1-4AC1-BF5B-22F1200A1522}.Release|Any CPU.Build.0 = Release|Any CPU
		{E4487DA8-A21F-4A37-B267-8147EA289842}.Debug|Any CPU.ActiveCfg = Debug|Any CPU
		{E4487DA8-A21F-4A37-B267-8147EA289842}.Debug|Any CPU.Build.0 = Debug|Any CPU
		{E4487DA8-A21F-4A37-B267-8147EA289842}.Release|Any CPU.ActiveCfg = Release|Any CPU
		{E4487DA8-A21F-4A37-B267-8147EA289842}.Release|Any CPU.Build.0 = Release|Any CPU
		{9AAF230A-8200-44B3-820C-2735D7674444}.Debug|Any CPU.ActiveCfg = Debug|Any CPU
		{9AAF230A-8200-44B3-820C-2735D7674444}.Debug|Any CPU.Build.0 = Debug|Any CPU
		{9AAF230A-8200-44B3-820C-2735D7674444}.Release|Any CPU.ActiveCfg = Release|Any CPU
		{9AAF230A-8200-44B3-820C-2735D7674444}.Release|Any CPU.Build.0 = Release|Any CPU
		{624A70F2-E052-48A0-84C3-BFDA800D2839}.Debug|Any CPU.ActiveCfg = Debug|Any CPU
		{624A70F2-E052-48A0-84C3-BFDA800D2839}.Debug|Any CPU.Build.0 = Debug|Any CPU
		{624A70F2-E052-48A0-84C3-BFDA800D2839}.Release|Any CPU.ActiveCfg = Release|Any CPU
		{624A70F2-E052-48A0-84C3-BFDA800D2839}.Release|Any CPU.Build.0 = Release|Any CPU
		{C99203B6-4ECF-464A-900F-D1475FE8C24A}.Debug|Any CPU.ActiveCfg = Debug|Any CPU
		{C99203B6-4ECF-464A-900F-D1475FE8C24A}.Debug|Any CPU.Build.0 = Debug|Any CPU
		{C99203B6-4ECF-464A-900F-D1475FE8C24A}.Release|Any CPU.ActiveCfg = Release|Any CPU
		{C99203B6-4ECF-464A-900F-D1475FE8C24A}.Release|Any CPU.Build.0 = Release|Any CPU
	EndGlobalSection
	GlobalSection(SolutionProperties) = preSolution
		HideSolutionNode = FALSE
	EndGlobalSection
EndGlobal
