
Microsoft Visual Studio Solution File, Format Version 12.00
# Visual Studio 2012
Project("{FAE04EC0-301F-11D3-BF4B-00C04F79EFBC}") = "01.KaspichanNumbers", "KaspichanNumbers\01.KaspichanNumbers.csproj", "{DFB519C6-7AF1-4E5D-BBDF-D0B1D9034E3A}"
EndProject
Project("{FAE04EC0-301F-11D3-BF4B-00C04F79EFBC}") = "02.GreedyDwarf", "GreedyDwarf\02.GreedyDwarf.csproj", "{0BDC27F1-8ED7-4F94-9783-0855A8C2D9B7}"
EndProject
Project("{FAE04EC0-301F-11D3-BF4B-00C04F79EFBC}") = "04.ConsoleJustification", "ConsoleJustification\04.ConsoleJustification.csproj", "{D997D945-EAB2-483B-A18C-815DCE9C15AD}"
EndProject
Global
	GlobalSection(SolutionConfigurationPlatforms) = preSolution
		Debug|Any CPU = Debug|Any CPU
		Release|Any CPU = Release|Any CPU
	EndGlobalSection
	GlobalSection(ProjectConfigurationPlatforms) = postSolution
		{DFB519C6-7AF1-4E5D-BBDF-D0B1D9034E3A}.Debug|Any CPU.ActiveCfg = Debug|Any CPU
		{DFB519C6-7AF1-4E5D-BBDF-D0B1D9034E3A}.Debug|Any CPU.Build.0 = Debug|Any CPU
		{DFB519C6-7AF1-4E5D-BBDF-D0B1D9034E3A}.Release|Any CPU.ActiveCfg = Release|Any CPU
		{DFB519C6-7AF1-4E5D-BBDF-D0B1D9034E3A}.Release|Any CPU.Build.0 = Release|Any CPU
		{0BDC27F1-8ED7-4F94-9783-0855A8C2D9B7}.Debug|Any CPU.ActiveCfg = Debug|Any CPU
		{0BDC27F1-8ED7-4F94-9783-0855A8C2D9B7}.Debug|Any CPU.Build.0 = Debug|Any CPU
		{0BDC27F1-8ED7-4F94-9783-0855A8C2D9B7}.Release|Any CPU.ActiveCfg = Release|Any CPU
		{0BDC27F1-8ED7-4F94-9783-0855A8C2D9B7}.Release|Any CPU.Build.0 = Release|Any CPU
		{D997D945-EAB2-483B-A18C-815DCE9C15AD}.Debug|Any CPU.ActiveCfg = Debug|Any CPU
		{D997D945-EAB2-483B-A18C-815DCE9C15AD}.Debug|Any CPU.Build.0 = Debug|Any CPU
		{D997D945-EAB2-483B-A18C-815DCE9C15AD}.Release|Any CPU.ActiveCfg = Release|Any CPU
		{D997D945-EAB2-483B-A18C-815DCE9C15AD}.Release|Any CPU.Build.0 = Release|Any CPU
	EndGlobalSection
	GlobalSection(SolutionProperties) = preSolution
		HideSolutionNode = FALSE
	EndGlobalSection
EndGlobal
