
Microsoft Visual Studio Solution File, Format Version 12.00
# Visual Studio 2012
Project("{FAE04EC0-301F-11D3-BF4B-00C04F79EFBC}") = "01. ChooseIntergerType", "01. ChooseIntergerType\01. ChooseIntergerType.csproj", "{DFB519C6-7AF1-4E5D-BBDF-D0B1D9034E3A}"
EndProject
Project("{FAE04EC0-301F-11D3-BF4B-00C04F79EFBC}") = "02. AssignTheRightVariable", "02. AssignTheRightVariable\02. AssignTheRightVariable.csproj", "{11770062-443D-4A20-B869-46448EFBDF32}"
EndProject
Project("{FAE04EC0-301F-11D3-BF4B-00C04F79EFBC}") = "03. CompareTheNumbers", "03. CompareTheNumbers\03. CompareTheNumbers.csproj", "{780E5252-6C81-4A9D-AFB0-59538ADC7AB8}"
EndProject
Project("{FAE04EC0-301F-11D3-BF4B-00C04F79EFBC}") = "04. AssigningValue", "04. AssigningValue\04. AssigningValue.csproj", "{E801E891-802F-4376-BAEA-4ADC4A13BBA6}"
EndProject
Project("{FAE04EC0-301F-11D3-BF4B-00C04F79EFBC}") = "05. DeclaringCharacterVariable", "05. DeclaringCharacterVariable\05. DeclaringCharacterVariable.csproj", "{7306469F-7A81-4A03-A9C9-2526031C247E}"
EndProject
Project("{FAE04EC0-301F-11D3-BF4B-00C04F79EFBC}") = "06. DeclaringBooleanVariable", "06. DeclaringBooleanVariable\06. DeclaringBooleanVariable.csproj", "{8F9AD80C-4E2C-472F-8B7B-53E7C4F80C38}"
EndProject
Project("{FAE04EC0-301F-11D3-BF4B-00C04F79EFBC}") = "07. DeclaringStringVariable", "07. DeclaringStringVariable\07. DeclaringStringVariable.csproj", "{9DE4F77E-51C1-4C60-BA42-DF1F604631DE}"
EndProject
Project("{FAE04EC0-301F-11D3-BF4B-00C04F79EFBC}") = "08. UseOfQuotations", "08. UseOfQuotations\08. UseOfQuotations.csproj", "{44445602-138D-46E2-AF34-7D255F177D4E}"
EndProject
Project("{FAE04EC0-301F-11D3-BF4B-00C04F79EFBC}") = "09. IsoscelesTriangle", "09. IsoscelesTriangle\09. IsoscelesTriangle.csproj", "{288C3F44-ED58-4BE7-8C45-E7C97116699B}"
EndProject
Project("{FAE04EC0-301F-11D3-BF4B-00C04F79EFBC}") = "10. EmployeeRecord", "10. EmployeeRecord\10. EmployeeRecord.csproj", "{2E3AC319-5ED9-4077-A7F0-17DF9880859B}"
EndProject
Project("{FAE04EC0-301F-11D3-BF4B-00C04F79EFBC}") = "11. SwapIntegerValues", "11. SwapIntegerValues\11. SwapIntegerValues.csproj", "{963D3F92-2BB0-44D1-8203-93EC5D643746}"
EndProject
Project("{FAE04EC0-301F-11D3-BF4B-00C04F79EFBC}") = "12. PrintASCIITable", "12. PrintASCIITable\12. PrintASCIITable.csproj", "{39BE7B7C-DF42-41F6-B3C1-F41188C60B63}"
EndProject
Project("{FAE04EC0-301F-11D3-BF4B-00C04F79EFBC}") = "13. NullValues", "13. NullValues\13. NullValues.csproj", "{EA884A09-CC37-46EC-BAF3-626D5683C873}"
EndProject
Project("{FAE04EC0-301F-11D3-BF4B-00C04F79EFBC}") = "14. BankAccount", "14. BankAccount\14. BankAccount.csproj", "{65753FAC-AE16-472D-B338-00D694A06D8E}"
EndProject
Global
	GlobalSection(SolutionConfigurationPlatforms) = preSolution
		Debug|Any CPU = Debug|Any CPU
		Release|Any CPU = Release|Any CPU
	EndGlobalSection
	GlobalSection(ProjectConfigurationPlatforms) = postSolution
		{DFB519C6-7AF1-4E5D-BBDF-D0B1D9034E3A}.Debug|Any CPU.ActiveCfg = Debug|Any CPU
		{DFB519C6-7AF1-4E5D-BBDF-D0B1D9034E3A}.Debug|Any CPU.Build.0 = Debug|Any CPU
		{DFB519C6-7AF1-4E5D-BBDF-D0B1D9034E3A}.Release|Any CPU.ActiveCfg = Release|Any CPU
		{DFB519C6-7AF1-4E5D-BBDF-D0B1D9034E3A}.Release|Any CPU.Build.0 = Release|Any CPU
		{11770062-443D-4A20-B869-46448EFBDF32}.Debug|Any CPU.ActiveCfg = Debug|Any CPU
		{11770062-443D-4A20-B869-46448EFBDF32}.Debug|Any CPU.Build.0 = Debug|Any CPU
		{11770062-443D-4A20-B869-46448EFBDF32}.Release|Any CPU.ActiveCfg = Release|Any CPU
		{11770062-443D-4A20-B869-46448EFBDF32}.Release|Any CPU.Build.0 = Release|Any CPU
		{780E5252-6C81-4A9D-AFB0-59538ADC7AB8}.Debug|Any CPU.ActiveCfg = Debug|Any CPU
		{780E5252-6C81-4A9D-AFB0-59538ADC7AB8}.Debug|Any CPU.Build.0 = Debug|Any CPU
		{780E5252-6C81-4A9D-AFB0-59538ADC7AB8}.Release|Any CPU.ActiveCfg = Release|Any CPU
		{780E5252-6C81-4A9D-AFB0-59538ADC7AB8}.Release|Any CPU.Build.0 = Release|Any CPU
		{E801E891-802F-4376-BAEA-4ADC4A13BBA6}.Debug|Any CPU.ActiveCfg = Debug|Any CPU
		{E801E891-802F-4376-BAEA-4ADC4A13BBA6}.Debug|Any CPU.Build.0 = Debug|Any CPU
		{E801E891-802F-4376-BAEA-4ADC4A13BBA6}.Release|Any CPU.ActiveCfg = Release|Any CPU
		{E801E891-802F-4376-BAEA-4ADC4A13BBA6}.Release|Any CPU.Build.0 = Release|Any CPU
		{7306469F-7A81-4A03-A9C9-2526031C247E}.Debug|Any CPU.ActiveCfg = Debug|Any CPU
		{7306469F-7A81-4A03-A9C9-2526031C247E}.Debug|Any CPU.Build.0 = Debug|Any CPU
		{7306469F-7A81-4A03-A9C9-2526031C247E}.Release|Any CPU.ActiveCfg = Release|Any CPU
		{7306469F-7A81-4A03-A9C9-2526031C247E}.Release|Any CPU.Build.0 = Release|Any CPU
		{8F9AD80C-4E2C-472F-8B7B-53E7C4F80C38}.Debug|Any CPU.ActiveCfg = Debug|Any CPU
		{8F9AD80C-4E2C-472F-8B7B-53E7C4F80C38}.Debug|Any CPU.Build.0 = Debug|Any CPU
		{8F9AD80C-4E2C-472F-8B7B-53E7C4F80C38}.Release|Any CPU.ActiveCfg = Release|Any CPU
		{8F9AD80C-4E2C-472F-8B7B-53E7C4F80C38}.Release|Any CPU.Build.0 = Release|Any CPU
		{9DE4F77E-51C1-4C60-BA42-DF1F604631DE}.Debug|Any CPU.ActiveCfg = Debug|Any CPU
		{9DE4F77E-51C1-4C60-BA42-DF1F604631DE}.Debug|Any CPU.Build.0 = Debug|Any CPU
		{9DE4F77E-51C1-4C60-BA42-DF1F604631DE}.Release|Any CPU.ActiveCfg = Release|Any CPU
		{9DE4F77E-51C1-4C60-BA42-DF1F604631DE}.Release|Any CPU.Build.0 = Release|Any CPU
		{44445602-138D-46E2-AF34-7D255F177D4E}.Debug|Any CPU.ActiveCfg = Debug|Any CPU
		{44445602-138D-46E2-AF34-7D255F177D4E}.Debug|Any CPU.Build.0 = Debug|Any CPU
		{44445602-138D-46E2-AF34-7D255F177D4E}.Release|Any CPU.ActiveCfg = Release|Any CPU
		{44445602-138D-46E2-AF34-7D255F177D4E}.Release|Any CPU.Build.0 = Release|Any CPU
		{288C3F44-ED58-4BE7-8C45-E7C97116699B}.Debug|Any CPU.ActiveCfg = Debug|Any CPU
		{288C3F44-ED58-4BE7-8C45-E7C97116699B}.Debug|Any CPU.Build.0 = Debug|Any CPU
		{288C3F44-ED58-4BE7-8C45-E7C97116699B}.Release|Any CPU.ActiveCfg = Release|Any CPU
		{288C3F44-ED58-4BE7-8C45-E7C97116699B}.Release|Any CPU.Build.0 = Release|Any CPU
		{2E3AC319-5ED9-4077-A7F0-17DF9880859B}.Debug|Any CPU.ActiveCfg = Debug|Any CPU
		{2E3AC319-5ED9-4077-A7F0-17DF9880859B}.Debug|Any CPU.Build.0 = Debug|Any CPU
		{2E3AC319-5ED9-4077-A7F0-17DF9880859B}.Release|Any CPU.ActiveCfg = Release|Any CPU
		{2E3AC319-5ED9-4077-A7F0-17DF9880859B}.Release|Any CPU.Build.0 = Release|Any CPU
		{963D3F92-2BB0-44D1-8203-93EC5D643746}.Debug|Any CPU.ActiveCfg = Debug|Any CPU
		{963D3F92-2BB0-44D1-8203-93EC5D643746}.Debug|Any CPU.Build.0 = Debug|Any CPU
		{963D3F92-2BB0-44D1-8203-93EC5D643746}.Release|Any CPU.ActiveCfg = Release|Any CPU
		{963D3F92-2BB0-44D1-8203-93EC5D643746}.Release|Any CPU.Build.0 = Release|Any CPU
		{39BE7B7C-DF42-41F6-B3C1-F41188C60B63}.Debug|Any CPU.ActiveCfg = Debug|Any CPU
		{39BE7B7C-DF42-41F6-B3C1-F41188C60B63}.Debug|Any CPU.Build.0 = Debug|Any CPU
		{39BE7B7C-DF42-41F6-B3C1-F41188C60B63}.Release|Any CPU.ActiveCfg = Release|Any CPU
		{39BE7B7C-DF42-41F6-B3C1-F41188C60B63}.Release|Any CPU.Build.0 = Release|Any CPU
		{EA884A09-CC37-46EC-BAF3-626D5683C873}.Debug|Any CPU.ActiveCfg = Debug|Any CPU
		{EA884A09-CC37-46EC-BAF3-626D5683C873}.Debug|Any CPU.Build.0 = Debug|Any CPU
		{EA884A09-CC37-46EC-BAF3-626D5683C873}.Release|Any CPU.ActiveCfg = Release|Any CPU
		{EA884A09-CC37-46EC-BAF3-626D5683C873}.Release|Any CPU.Build.0 = Release|Any CPU
		{65753FAC-AE16-472D-B338-00D694A06D8E}.Debug|Any CPU.ActiveCfg = Debug|Any CPU
		{65753FAC-AE16-472D-B338-00D694A06D8E}.Debug|Any CPU.Build.0 = Debug|Any CPU
		{65753FAC-AE16-472D-B338-00D694A06D8E}.Release|Any CPU.ActiveCfg = Release|Any CPU
		{65753FAC-AE16-472D-B338-00D694A06D8E}.Release|Any CPU.Build.0 = Release|Any CPU
	EndGlobalSection
	GlobalSection(SolutionProperties) = preSolution
		HideSolutionNode = FALSE
	EndGlobalSection
EndGlobal
