
Microsoft Visual Studio Solution File, Format Version 12.00
# Visual Studio 2012
Project("{FAE04EC0-301F-11D3-BF4B-00C04F79EFBC}") = "02. HelloCSharp", "02. HelloCSharp\02. HelloCSharp.csproj", "{1E731DCA-965B-48BA-8EEE-EE49176E122B}"
EndProject
Project("{FAE04EC0-301F-11D3-BF4B-00C04F79EFBC}") = "03. PrintMyName", "03. PrintMyName\03. PrintMyName.csproj", "{4FE47956-5FE5-4D7C-B2D6-32FD28E8E071}"
EndProject
Project("{FAE04EC0-301F-11D3-BF4B-00C04F79EFBC}") = "04. PrintTheNumbers", "04. PrintTheNumbers\04. PrintTheNumbers.csproj", "{033B528A-60DC-4A81-A55B-5E1585F0FE79}"
EndProject
Project("{FAE04EC0-301F-11D3-BF4B-00C04F79EFBC}") = "06. PrintMyFirstAndLastName", "06. PrintMyFirstAndLastName\06. PrintMyFirstAndLastName.csproj", "{69224CAA-7BE9-4C48-A508-493E05A5712B}"
EndProject
Project("{FAE04EC0-301F-11D3-BF4B-00C04F79EFBC}") = "07. PrintCurrentDateAndTime", "07. PrintCurrentDateAndTime\07. PrintCurrentDateAndTime.csproj", "{97A43DBC-4C75-4E19-BD05-ABE7781B612A}"
EndProject
Project("{FAE04EC0-301F-11D3-BF4B-00C04F79EFBC}") = "08. CalculateTheSquareOfTheNumber", "08. CalculateTheSquareOfTheNumber\08. CalculateTheSquareOfTheNumber.csproj", "{C02E998D-4A1F-44F8-861A-B2B5B9267C4E}"
EndProject
Project("{FAE04EC0-301F-11D3-BF4B-00C04F79EFBC}") = "09. PrintTheSequence", "09. PrintTheSequence\09. PrintTheSequence.csproj", "{407B32BF-982D-4A17-A1A8-B8B82F5D448E}"
EndProject
Project("{FAE04EC0-301F-11D3-BF4B-00C04F79EFBC}") = "12. CalculateMyAge", "12. CalculateMyAge\12. CalculateMyAge.csproj", "{B7623E15-989A-45C9-A674-C2E1589E0783}"
EndProject
Global
	GlobalSection(SolutionConfigurationPlatforms) = preSolution
		Debug|Any CPU = Debug|Any CPU
		Release|Any CPU = Release|Any CPU
	EndGlobalSection
	GlobalSection(ProjectConfigurationPlatforms) = postSolution
		{1E731DCA-965B-48BA-8EEE-EE49176E122B}.Debug|Any CPU.ActiveCfg = Debug|Any CPU
		{1E731DCA-965B-48BA-8EEE-EE49176E122B}.Debug|Any CPU.Build.0 = Debug|Any CPU
		{1E731DCA-965B-48BA-8EEE-EE49176E122B}.Release|Any CPU.ActiveCfg = Release|Any CPU
		{1E731DCA-965B-48BA-8EEE-EE49176E122B}.Release|Any CPU.Build.0 = Release|Any CPU
		{4FE47956-5FE5-4D7C-B2D6-32FD28E8E071}.Debug|Any CPU.ActiveCfg = Debug|Any CPU
		{4FE47956-5FE5-4D7C-B2D6-32FD28E8E071}.Debug|Any CPU.Build.0 = Debug|Any CPU
		{4FE47956-5FE5-4D7C-B2D6-32FD28E8E071}.Release|Any CPU.ActiveCfg = Release|Any CPU
		{4FE47956-5FE5-4D7C-B2D6-32FD28E8E071}.Release|Any CPU.Build.0 = Release|Any CPU
		{033B528A-60DC-4A81-A55B-5E1585F0FE79}.Debug|Any CPU.ActiveCfg = Debug|Any CPU
		{033B528A-60DC-4A81-A55B-5E1585F0FE79}.Debug|Any CPU.Build.0 = Debug|Any CPU
		{033B528A-60DC-4A81-A55B-5E1585F0FE79}.Release|Any CPU.ActiveCfg = Release|Any CPU
		{033B528A-60DC-4A81-A55B-5E1585F0FE79}.Release|Any CPU.Build.0 = Release|Any CPU
		{69224CAA-7BE9-4C48-A508-493E05A5712B}.Debug|Any CPU.ActiveCfg = Debug|Any CPU
		{69224CAA-7BE9-4C48-A508-493E05A5712B}.Debug|Any CPU.Build.0 = Debug|Any CPU
		{69224CAA-7BE9-4C48-A508-493E05A5712B}.Release|Any CPU.ActiveCfg = Release|Any CPU
		{69224CAA-7BE9-4C48-A508-493E05A5712B}.Release|Any CPU.Build.0 = Release|Any CPU
		{97A43DBC-4C75-4E19-BD05-ABE7781B612A}.Debug|Any CPU.ActiveCfg = Debug|Any CPU
		{97A43DBC-4C75-4E19-BD05-ABE7781B612A}.Debug|Any CPU.Build.0 = Debug|Any CPU
		{97A43DBC-4C75-4E19-BD05-ABE7781B612A}.Release|Any CPU.ActiveCfg = Release|Any CPU
		{97A43DBC-4C75-4E19-BD05-ABE7781B612A}.Release|Any CPU.Build.0 = Release|Any CPU
		{C02E998D-4A1F-44F8-861A-B2B5B9267C4E}.Debug|Any CPU.ActiveCfg = Debug|Any CPU
		{C02E998D-4A1F-44F8-861A-B2B5B9267C4E}.Debug|Any CPU.Build.0 = Debug|Any CPU
		{C02E998D-4A1F-44F8-861A-B2B5B9267C4E}.Release|Any CPU.ActiveCfg = Release|Any CPU
		{C02E998D-4A1F-44F8-861A-B2B5B9267C4E}.Release|Any CPU.Build.0 = Release|Any CPU
		{407B32BF-982D-4A17-A1A8-B8B82F5D448E}.Debug|Any CPU.ActiveCfg = Debug|Any CPU
		{407B32BF-982D-4A17-A1A8-B8B82F5D448E}.Debug|Any CPU.Build.0 = Debug|Any CPU
		{407B32BF-982D-4A17-A1A8-B8B82F5D448E}.Release|Any CPU.ActiveCfg = Release|Any CPU
		{407B32BF-982D-4A17-A1A8-B8B82F5D448E}.Release|Any CPU.Build.0 = Release|Any CPU
		{B7623E15-989A-45C9-A674-C2E1589E0783}.Debug|Any CPU.ActiveCfg = Debug|Any CPU
		{B7623E15-989A-45C9-A674-C2E1589E0783}.Debug|Any CPU.Build.0 = Debug|Any CPU
		{B7623E15-989A-45C9-A674-C2E1589E0783}.Release|Any CPU.ActiveCfg = Release|Any CPU
		{B7623E15-989A-45C9-A674-C2E1589E0783}.Release|Any CPU.Build.0 = Release|Any CPU
	EndGlobalSection
	GlobalSection(SolutionProperties) = preSolution
		HideSolutionNode = FALSE
	EndGlobalSection
EndGlobal
