
Microsoft Visual Studio Solution File, Format Version 12.00
# Visual Studio 2013
VisualStudioVersion = 12.0.30723.0
MinimumVisualStudioVersion = 10.0.40219.1
Project("{FAE04EC0-301F-11D3-BF4B-00C04F79EFBC}") = "01.SumAndAverageOfSequence", "SumAndAverageOfSequence\01.SumAndAverageOfSequence.csproj", "{5830492C-D870-4AF9-A8C3-9B1649C93008}"
EndProject
Project("{FAE04EC0-301F-11D3-BF4B-00C04F79EFBC}") = "02.ReverseInputIntegers", "ReverseInputIntegers\02.ReverseInputIntegers.csproj", "{3F19B49A-FB83-450A-8645-3B10F14C92D7}"
EndProject
Project("{FAE04EC0-301F-11D3-BF4B-00C04F79EFBC}") = "03.SortSequence", "SortSequence\03.SortSequence.csproj", "{BE0565C0-D467-470B-B9D2-B77F91D3702A}"
EndProject
Project("{FAE04EC0-301F-11D3-BF4B-00C04F79EFBC}") = "04.LongestSubsequence", "LongestSubsequence\04.LongestSubsequence.csproj", "{4DC32EC6-A615-4D1A-9DCA-CE8DC51A908F}"
EndProject
Project("{FAE04EC0-301F-11D3-BF4B-00C04F79EFBC}") = "05.RemoveNegativeNumbers", "RemoveNegativeNumbers\05.RemoveNegativeNumbers.csproj", "{EFC2888C-4150-4B1E-B7D3-C7809B1D6F9F}"
EndProject
Project("{FAE04EC0-301F-11D3-BF4B-00C04F79EFBC}") = "06.RemoveOddOccurNumbers", "RemoveOddOccurNumbers\06.RemoveOddOccurNumbers.csproj", "{33C25C9D-E9FD-4930-B979-AC3A6B1FDCA5}"
EndProject
Global
	GlobalSection(SolutionConfigurationPlatforms) = preSolution
		Debug|Any CPU = Debug|Any CPU
		Release|Any CPU = Release|Any CPU
	EndGlobalSection
	GlobalSection(ProjectConfigurationPlatforms) = postSolution
		{5830492C-D870-4AF9-A8C3-9B1649C93008}.Debug|Any CPU.ActiveCfg = Debug|Any CPU
		{5830492C-D870-4AF9-A8C3-9B1649C93008}.Debug|Any CPU.Build.0 = Debug|Any CPU
		{5830492C-D870-4AF9-A8C3-9B1649C93008}.Release|Any CPU.ActiveCfg = Release|Any CPU
		{5830492C-D870-4AF9-A8C3-9B1649C93008}.Release|Any CPU.Build.0 = Release|Any CPU
		{3F19B49A-FB83-450A-8645-3B10F14C92D7}.Debug|Any CPU.ActiveCfg = Debug|Any CPU
		{3F19B49A-FB83-450A-8645-3B10F14C92D7}.Debug|Any CPU.Build.0 = Debug|Any CPU
		{3F19B49A-FB83-450A-8645-3B10F14C92D7}.Release|Any CPU.ActiveCfg = Release|Any CPU
		{3F19B49A-FB83-450A-8645-3B10F14C92D7}.Release|Any CPU.Build.0 = Release|Any CPU
		{BE0565C0-D467-470B-B9D2-B77F91D3702A}.Debug|Any CPU.ActiveCfg = Debug|Any CPU
		{BE0565C0-D467-470B-B9D2-B77F91D3702A}.Debug|Any CPU.Build.0 = Debug|Any CPU
		{BE0565C0-D467-470B-B9D2-B77F91D3702A}.Release|Any CPU.ActiveCfg = Release|Any CPU
		{BE0565C0-D467-470B-B9D2-B77F91D3702A}.Release|Any CPU.Build.0 = Release|Any CPU
		{4DC32EC6-A615-4D1A-9DCA-CE8DC51A908F}.Debug|Any CPU.ActiveCfg = Debug|Any CPU
		{4DC32EC6-A615-4D1A-9DCA-CE8DC51A908F}.Debug|Any CPU.Build.0 = Debug|Any CPU
		{4DC32EC6-A615-4D1A-9DCA-CE8DC51A908F}.Release|Any CPU.ActiveCfg = Release|Any CPU
		{4DC32EC6-A615-4D1A-9DCA-CE8DC51A908F}.Release|Any CPU.Build.0 = Release|Any CPU
		{EFC2888C-4150-4B1E-B7D3-C7809B1D6F9F}.Debug|Any CPU.ActiveCfg = Debug|Any CPU
		{EFC2888C-4150-4B1E-B7D3-C7809B1D6F9F}.Debug|Any CPU.Build.0 = Debug|Any CPU
		{EFC2888C-4150-4B1E-B7D3-C7809B1D6F9F}.Release|Any CPU.ActiveCfg = Release|Any CPU
		{EFC2888C-4150-4B1E-B7D3-C7809B1D6F9F}.Release|Any CPU.Build.0 = Release|Any CPU
		{33C25C9D-E9FD-4930-B979-AC3A6B1FDCA5}.Debug|Any CPU.ActiveCfg = Debug|Any CPU
		{33C25C9D-E9FD-4930-B979-AC3A6B1FDCA5}.Debug|Any CPU.Build.0 = Debug|Any CPU
		{33C25C9D-E9FD-4930-B979-AC3A6B1FDCA5}.Release|Any CPU.ActiveCfg = Release|Any CPU
		{33C25C9D-E9FD-4930-B979-AC3A6B1FDCA5}.Release|Any CPU.Build.0 = Release|Any CPU
	EndGlobalSection
	GlobalSection(SolutionProperties) = preSolution
		HideSolutionNode = FALSE
	EndGlobalSection
EndGlobal
