
Microsoft Visual Studio Solution File, Format Version 12.00
# Visual Studio 2013
VisualStudioVersion = 12.0.30324.0
MinimumVisualStudioVersion = 10.0.40219.1
Project("{E24C65DC-7377-472B-9ABA-BC803B73C61A}") = "01.Sequences", "http://localhost:36700", "{C1FD33D4-B152-453A-8D49-E49BD1D5082A}"
	ProjectSection(WebsiteProperties) = preProject
		UseIISExpress = "true"
		TargetFrameworkMoniker = ".NETFramework,Version%3Dv4.0"
		Debug.AspNetCompiler.VirtualPath = "/localhost_36700"
		Debug.AspNetCompiler.PhysicalPath = "01.Sequences\"
		Debug.AspNetCompiler.TargetPath = "PrecompiledWeb\localhost_36700\"
		Debug.AspNetCompiler.Updateable = "true"
		Debug.AspNetCompiler.ForceOverwrite = "true"
		Debug.AspNetCompiler.FixedNames = "false"
		Debug.AspNetCompiler.Debug = "True"
		Release.AspNetCompiler.VirtualPath = "/localhost_36700"
		Release.AspNetCompiler.PhysicalPath = "01.Sequences\"
		Release.AspNetCompiler.TargetPath = "PrecompiledWeb\localhost_36700\"
		Release.AspNetCompiler.Updateable = "true"
		Release.AspNetCompiler.ForceOverwrite = "true"
		Release.AspNetCompiler.FixedNames = "false"
		Release.AspNetCompiler.Debug = "False"
		SlnRelativePath = "01.Sequences\"
	EndProjectSection
EndProject
Project("{E24C65DC-7377-472B-9ABA-BC803B73C61A}") = "02.JoroTheNaughty", "http://localhost:36706", "{6C1C2316-FDCE-43B9-ADC4-5F825BD26088}"
	ProjectSection(WebsiteProperties) = preProject
		UseIISExpress = "true"
		TargetFrameworkMoniker = ".NETFramework,Version%3Dv4.0"
		Debug.AspNetCompiler.VirtualPath = "/localhost_36706"
		Debug.AspNetCompiler.PhysicalPath = "02.JoroTheNaughty\"
		Debug.AspNetCompiler.TargetPath = "PrecompiledWeb\localhost_36706\"
		Debug.AspNetCompiler.Updateable = "true"
		Debug.AspNetCompiler.ForceOverwrite = "true"
		Debug.AspNetCompiler.FixedNames = "false"
		Debug.AspNetCompiler.Debug = "True"
		Release.AspNetCompiler.VirtualPath = "/localhost_36706"
		Release.AspNetCompiler.PhysicalPath = "02.JoroTheNaughty\"
		Release.AspNetCompiler.TargetPath = "PrecompiledWeb\localhost_36706\"
		Release.AspNetCompiler.Updateable = "true"
		Release.AspNetCompiler.ForceOverwrite = "true"
		Release.AspNetCompiler.FixedNames = "false"
		Release.AspNetCompiler.Debug = "False"
		SlnRelativePath = "02.JoroTheNaughty\"
	EndProjectSection
EndProject
Global
	GlobalSection(SolutionConfigurationPlatforms) = preSolution
		Debug|Any CPU = Debug|Any CPU
	EndGlobalSection
	GlobalSection(ProjectConfigurationPlatforms) = postSolution
		{C1FD33D4-B152-453A-8D49-E49BD1D5082A}.Debug|Any CPU.ActiveCfg = Debug|Any CPU
		{C1FD33D4-B152-453A-8D49-E49BD1D5082A}.Debug|Any CPU.Build.0 = Debug|Any CPU
		{6C1C2316-FDCE-43B9-ADC4-5F825BD26088}.Debug|Any CPU.ActiveCfg = Debug|Any CPU
		{6C1C2316-FDCE-43B9-ADC4-5F825BD26088}.Debug|Any CPU.Build.0 = Debug|Any CPU
	EndGlobalSection
	GlobalSection(SolutionProperties) = preSolution
		HideSolutionNode = FALSE
	EndGlobalSection
EndGlobal
