
Microsoft Visual Studio Solution File, Format Version 12.00
# Visual Studio 2012
Project("{FAE04EC0-301F-11D3-BF4B-00C04F79EFBC}") = "01.Shapes", "Shapes\01.Shapes.csproj", "{F2C38380-952A-48B3-B2B7-B67DB41E163F}"
EndProject
Project("{FAE04EC0-301F-11D3-BF4B-00C04F79EFBC}") = "02.Bank", "Bank\02.Bank.csproj", "{171B2ACB-7427-4742-9684-852E1BB525BA}"
EndProject
Project("{FAE04EC0-301F-11D3-BF4B-00C04F79EFBC}") = "03.Exceptions", "Exceptions\03.Exceptions.csproj", "{1F3E34A1-C404-4DF8-83EC-569CC7EFFCAD}"
EndProject
Global
	GlobalSection(SolutionConfigurationPlatforms) = preSolution
		Debug|Any CPU = Debug|Any CPU
		Release|Any CPU = Release|Any CPU
	EndGlobalSection
	GlobalSection(ProjectConfigurationPlatforms) = postSolution
		{F2C38380-952A-48B3-B2B7-B67DB41E163F}.Debug|Any CPU.ActiveCfg = Debug|Any CPU
		{F2C38380-952A-48B3-B2B7-B67DB41E163F}.Debug|Any CPU.Build.0 = Debug|Any CPU
		{F2C38380-952A-48B3-B2B7-B67DB41E163F}.Release|Any CPU.ActiveCfg = Release|Any CPU
		{F2C38380-952A-48B3-B2B7-B67DB41E163F}.Release|Any CPU.Build.0 = Release|Any CPU
		{171B2ACB-7427-4742-9684-852E1BB525BA}.Debug|Any CPU.ActiveCfg = Debug|Any CPU
		{171B2ACB-7427-4742-9684-852E1BB525BA}.Debug|Any CPU.Build.0 = Debug|Any CPU
		{171B2ACB-7427-4742-9684-852E1BB525BA}.Release|Any CPU.ActiveCfg = Release|Any CPU
		{171B2ACB-7427-4742-9684-852E1BB525BA}.Release|Any CPU.Build.0 = Release|Any CPU
		{1F3E34A1-C404-4DF8-83EC-569CC7EFFCAD}.Debug|Any CPU.ActiveCfg = Debug|Any CPU
		{1F3E34A1-C404-4DF8-83EC-569CC7EFFCAD}.Debug|Any CPU.Build.0 = Debug|Any CPU
		{1F3E34A1-C404-4DF8-83EC-569CC7EFFCAD}.Release|Any CPU.ActiveCfg = Release|Any CPU
		{1F3E34A1-C404-4DF8-83EC-569CC7EFFCAD}.Release|Any CPU.Build.0 = Release|Any CPU
	EndGlobalSection
	GlobalSection(SolutionProperties) = preSolution
		HideSolutionNode = FALSE
	EndGlobalSection
EndGlobal
