
Microsoft Visual Studio Solution File, Format Version 12.00
# Visual Studio 2012
Project("{FAE04EC0-301F-11D3-BF4B-00C04F79EFBC}") = "01.Test", "01.Test\01.Test.csproj", "{DFB519C6-7AF1-4E5D-BBDF-D0B1D9034E3A}"
EndProject
Project("{FAE04EC0-301F-11D3-BF4B-00C04F79EFBC}") = "03.Test", "03.Test\03.Test.csproj", "{A1054415-F865-475F-BE29-E5045337720C}"
EndProject
Project("{FAE04EC0-301F-11D3-BF4B-00C04F79EFBC}") = "02.Test", "02.Test\02.Test.csproj", "{3D69941F-CED5-4C0C-913D-29A4FDD14E7A}"
EndProject
Global
	GlobalSection(SolutionConfigurationPlatforms) = preSolution
		Debug|Any CPU = Debug|Any CPU
		Release|Any CPU = Release|Any CPU
	EndGlobalSection
	GlobalSection(ProjectConfigurationPlatforms) = postSolution
		{DFB519C6-7AF1-4E5D-BBDF-D0B1D9034E3A}.Debug|Any CPU.ActiveCfg = Debug|Any CPU
		{DFB519C6-7AF1-4E5D-BBDF-D0B1D9034E3A}.Debug|Any CPU.Build.0 = Debug|Any CPU
		{DFB519C6-7AF1-4E5D-BBDF-D0B1D9034E3A}.Release|Any CPU.ActiveCfg = Release|Any CPU
		{DFB519C6-7AF1-4E5D-BBDF-D0B1D9034E3A}.Release|Any CPU.Build.0 = Release|Any CPU
		{A1054415-F865-475F-BE29-E5045337720C}.Debug|Any CPU.ActiveCfg = Debug|Any CPU
		{A1054415-F865-475F-BE29-E5045337720C}.Debug|Any CPU.Build.0 = Debug|Any CPU
		{A1054415-F865-475F-BE29-E5045337720C}.Release|Any CPU.ActiveCfg = Release|Any CPU
		{A1054415-F865-475F-BE29-E5045337720C}.Release|Any CPU.Build.0 = Release|Any CPU
		{3D69941F-CED5-4C0C-913D-29A4FDD14E7A}.Debug|Any CPU.ActiveCfg = Debug|Any CPU
		{3D69941F-CED5-4C0C-913D-29A4FDD14E7A}.Debug|Any CPU.Build.0 = Debug|Any CPU
		{3D69941F-CED5-4C0C-913D-29A4FDD14E7A}.Release|Any CPU.ActiveCfg = Release|Any CPU
		{3D69941F-CED5-4C0C-913D-29A4FDD14E7A}.Release|Any CPU.Build.0 = Release|Any CPU
	EndGlobalSection
	GlobalSection(SolutionProperties) = preSolution
		HideSolutionNode = FALSE
	EndGlobalSection
EndGlobal
