
Microsoft Visual Studio Solution File, Format Version 12.00
# Visual Studio 2013
VisualStudioVersion = 12.0.30723.0
MinimumVisualStudioVersion = 10.0.40219.1
Project("{FAE04EC0-301F-11D3-BF4B-00C04F79EFBC}") = "FriendsOfPesho", "FriendsOfPesho\FriendsOfPesho.csproj", "{53FD8011-527F-4B7A-B229-A02960661355}"
EndProject
Project("{FAE04EC0-301F-11D3-BF4B-00C04F79EFBC}") = "Salaries", "Salaries\Salaries.csproj", "{356039E8-C90C-4320-8247-8AFF7D1BFFD2}"
EndProject
Global
	GlobalSection(SolutionConfigurationPlatforms) = preSolution
		Debug|Any CPU = Debug|Any CPU
		Release|Any CPU = Release|Any CPU
	EndGlobalSection
	GlobalSection(ProjectConfigurationPlatforms) = postSolution
		{53FD8011-527F-4B7A-B229-A02960661355}.Debug|Any CPU.ActiveCfg = Debug|Any CPU
		{53FD8011-527F-4B7A-B229-A02960661355}.Debug|Any CPU.Build.0 = Debug|Any CPU
		{53FD8011-527F-4B7A-B229-A02960661355}.Release|Any CPU.ActiveCfg = Release|Any CPU
		{53FD8011-527F-4B7A-B229-A02960661355}.Release|Any CPU.Build.0 = Release|Any CPU
		{356039E8-C90C-4320-8247-8AFF7D1BFFD2}.Debug|Any CPU.ActiveCfg = Debug|Any CPU
		{356039E8-C90C-4320-8247-8AFF7D1BFFD2}.Debug|Any CPU.Build.0 = Debug|Any CPU
		{356039E8-C90C-4320-8247-8AFF7D1BFFD2}.Release|Any CPU.ActiveCfg = Release|Any CPU
		{356039E8-C90C-4320-8247-8AFF7D1BFFD2}.Release|Any CPU.Build.0 = Release|Any CPU
	EndGlobalSection
	GlobalSection(SolutionProperties) = preSolution
		HideSolutionNode = FALSE
	EndGlobalSection
EndGlobal
