
Microsoft Visual Studio Solution File, Format Version 12.00
# Visual Studio 2012
Project("{FAE04EC0-301F-11D3-BF4B-00C04F79EFBC}") = "01.ReadFileAndPrintOddLines", "ReadFileAndPrintOddLines\01.ReadFileAndPrintOddLines.csproj", "{DFB519C6-7AF1-4E5D-BBDF-D0B1D9034E3A}"
EndProject
Project("{FAE04EC0-301F-11D3-BF4B-00C04F79EFBC}") = "02.ConcatenateFiles", "ConcatenateFiles\02.ConcatenateFiles.csproj", "{84B5DC4A-663D-4BC5-A010-52847FF9FEA1}"
EndProject
Project("{FAE04EC0-301F-11D3-BF4B-00C04F79EFBC}") = "03.InsertLinesInTextFile", "InsertLinesInTextFile\03.InsertLinesInTextFile.csproj", "{F0743938-E291-41AD-9709-4582B1C7EAEE}"
EndProject
Project("{FAE04EC0-301F-11D3-BF4B-00C04F79EFBC}") = "04.CompareTwoTextFiles", "CompareTwoTextFiles\04.CompareTwoTextFiles.csproj", "{02894163-CAB6-49DB-B328-8851A0027F13}"
EndProject
Project("{FAE04EC0-301F-11D3-BF4B-00C04F79EFBC}") = "05.FindMaxSumInMatrix", "FindMaxSumInMatrix\05.FindMaxSumInMatrix.csproj", "{3B8D70C7-E6A4-4333-83F1-9DFCAC42AEE7}"
EndProject
Project("{FAE04EC0-301F-11D3-BF4B-00C04F79EFBC}") = "06.ReadSortAndSaveStrings", "ReadSortAndSaveStrings\06.ReadSortAndSaveStrings.csproj", "{EFC1D799-1948-4444-9CDA-3A329CC05AA9}"
EndProject
Project("{FAE04EC0-301F-11D3-BF4B-00C04F79EFBC}") = "07.ReplaceSubstring", "ReplaceSubstring\07.ReplaceSubstring.csproj", "{618646AD-A178-4217-A50B-1739A6026623}"
EndProject
Project("{FAE04EC0-301F-11D3-BF4B-00C04F79EFBC}") = "08.ReplaceWord", "ReplaceWord\08.ReplaceWord.csproj", "{7C7EDCCF-EF9C-484D-89CF-0A4207372646}"
EndProject
Project("{FAE04EC0-301F-11D3-BF4B-00C04F79EFBC}") = "09.DeleteOddLines", "DeleteOddLines\09.DeleteOddLines.csproj", "{537CFE50-6290-4A4E-9E9A-8C4EA41891E7}"
EndProject
Project("{FAE04EC0-301F-11D3-BF4B-00C04F79EFBC}") = "10.ExtractText", "ExtractText\10.ExtractText.csproj", "{FF5DB3F1-926C-45B4-9542-12CBA989D7D2}"
EndProject
Project("{FAE04EC0-301F-11D3-BF4B-00C04F79EFBC}") = "11.SearchAndDelete", "SearchAndDelete\11.SearchAndDelete.csproj", "{0F01AC51-51E9-4F0F-8A86-BAC1BAFD105C}"
EndProject
Project("{FAE04EC0-301F-11D3-BF4B-00C04F79EFBC}") = "12.RemoveWords", "RemoveWords\12.RemoveWords.csproj", "{D3DD15C3-93F0-4B90-9DE0-2F6EFBAEF7A8}"
EndProject
Project("{FAE04EC0-301F-11D3-BF4B-00C04F79EFBC}") = "13.ReadCountAndSortWords", "ReadCountAndSortWords\13.ReadCountAndSortWords.csproj", "{A8D0C9C3-B0C2-4D81-846F-ECD9E9E561A8}"
EndProject
Global
	GlobalSection(SolutionConfigurationPlatforms) = preSolution
		Debug|Any CPU = Debug|Any CPU
		Release|Any CPU = Release|Any CPU
	EndGlobalSection
	GlobalSection(ProjectConfigurationPlatforms) = postSolution
		{DFB519C6-7AF1-4E5D-BBDF-D0B1D9034E3A}.Debug|Any CPU.ActiveCfg = Debug|Any CPU
		{DFB519C6-7AF1-4E5D-BBDF-D0B1D9034E3A}.Debug|Any CPU.Build.0 = Debug|Any CPU
		{DFB519C6-7AF1-4E5D-BBDF-D0B1D9034E3A}.Release|Any CPU.ActiveCfg = Release|Any CPU
		{DFB519C6-7AF1-4E5D-BBDF-D0B1D9034E3A}.Release|Any CPU.Build.0 = Release|Any CPU
		{84B5DC4A-663D-4BC5-A010-52847FF9FEA1}.Debug|Any CPU.ActiveCfg = Debug|Any CPU
		{84B5DC4A-663D-4BC5-A010-52847FF9FEA1}.Debug|Any CPU.Build.0 = Debug|Any CPU
		{84B5DC4A-663D-4BC5-A010-52847FF9FEA1}.Release|Any CPU.ActiveCfg = Release|Any CPU
		{84B5DC4A-663D-4BC5-A010-52847FF9FEA1}.Release|Any CPU.Build.0 = Release|Any CPU
		{F0743938-E291-41AD-9709-4582B1C7EAEE}.Debug|Any CPU.ActiveCfg = Debug|Any CPU
		{F0743938-E291-41AD-9709-4582B1C7EAEE}.Debug|Any CPU.Build.0 = Debug|Any CPU
		{F0743938-E291-41AD-9709-4582B1C7EAEE}.Release|Any CPU.ActiveCfg = Release|Any CPU
		{F0743938-E291-41AD-9709-4582B1C7EAEE}.Release|Any CPU.Build.0 = Release|Any CPU
		{02894163-CAB6-49DB-B328-8851A0027F13}.Debug|Any CPU.ActiveCfg = Debug|Any CPU
		{02894163-CAB6-49DB-B328-8851A0027F13}.Debug|Any CPU.Build.0 = Debug|Any CPU
		{02894163-CAB6-49DB-B328-8851A0027F13}.Release|Any CPU.ActiveCfg = Release|Any CPU
		{02894163-CAB6-49DB-B328-8851A0027F13}.Release|Any CPU.Build.0 = Release|Any CPU
		{3B8D70C7-E6A4-4333-83F1-9DFCAC42AEE7}.Debug|Any CPU.ActiveCfg = Debug|Any CPU
		{3B8D70C7-E6A4-4333-83F1-9DFCAC42AEE7}.Debug|Any CPU.Build.0 = Debug|Any CPU
		{3B8D70C7-E6A4-4333-83F1-9DFCAC42AEE7}.Release|Any CPU.ActiveCfg = Release|Any CPU
		{3B8D70C7-E6A4-4333-83F1-9DFCAC42AEE7}.Release|Any CPU.Build.0 = Release|Any CPU
		{EFC1D799-1948-4444-9CDA-3A329CC05AA9}.Debug|Any CPU.ActiveCfg = Debug|Any CPU
		{EFC1D799-1948-4444-9CDA-3A329CC05AA9}.Debug|Any CPU.Build.0 = Debug|Any CPU
		{EFC1D799-1948-4444-9CDA-3A329CC05AA9}.Release|Any CPU.ActiveCfg = Release|Any CPU
		{EFC1D799-1948-4444-9CDA-3A329CC05AA9}.Release|Any CPU.Build.0 = Release|Any CPU
		{618646AD-A178-4217-A50B-1739A6026623}.Debug|Any CPU.ActiveCfg = Debug|Any CPU
		{618646AD-A178-4217-A50B-1739A6026623}.Debug|Any CPU.Build.0 = Debug|Any CPU
		{618646AD-A178-4217-A50B-1739A6026623}.Release|Any CPU.ActiveCfg = Release|Any CPU
		{618646AD-A178-4217-A50B-1739A6026623}.Release|Any CPU.Build.0 = Release|Any CPU
		{7C7EDCCF-EF9C-484D-89CF-0A4207372646}.Debug|Any CPU.ActiveCfg = Debug|Any CPU
		{7C7EDCCF-EF9C-484D-89CF-0A4207372646}.Debug|Any CPU.Build.0 = Debug|Any CPU
		{7C7EDCCF-EF9C-484D-89CF-0A4207372646}.Release|Any CPU.ActiveCfg = Release|Any CPU
		{7C7EDCCF-EF9C-484D-89CF-0A4207372646}.Release|Any CPU.Build.0 = Release|Any CPU
		{537CFE50-6290-4A4E-9E9A-8C4EA41891E7}.Debug|Any CPU.ActiveCfg = Debug|Any CPU
		{537CFE50-6290-4A4E-9E9A-8C4EA41891E7}.Debug|Any CPU.Build.0 = Debug|Any CPU
		{537CFE50-6290-4A4E-9E9A-8C4EA41891E7}.Release|Any CPU.ActiveCfg = Release|Any CPU
		{537CFE50-6290-4A4E-9E9A-8C4EA41891E7}.Release|Any CPU.Build.0 = Release|Any CPU
		{FF5DB3F1-926C-45B4-9542-12CBA989D7D2}.Debug|Any CPU.ActiveCfg = Debug|Any CPU
		{FF5DB3F1-926C-45B4-9542-12CBA989D7D2}.Debug|Any CPU.Build.0 = Debug|Any CPU
		{FF5DB3F1-926C-45B4-9542-12CBA989D7D2}.Release|Any CPU.ActiveCfg = Release|Any CPU
		{FF5DB3F1-926C-45B4-9542-12CBA989D7D2}.Release|Any CPU.Build.0 = Release|Any CPU
		{0F01AC51-51E9-4F0F-8A86-BAC1BAFD105C}.Debug|Any CPU.ActiveCfg = Debug|Any CPU
		{0F01AC51-51E9-4F0F-8A86-BAC1BAFD105C}.Debug|Any CPU.Build.0 = Debug|Any CPU
		{0F01AC51-51E9-4F0F-8A86-BAC1BAFD105C}.Release|Any CPU.ActiveCfg = Release|Any CPU
		{0F01AC51-51E9-4F0F-8A86-BAC1BAFD105C}.Release|Any CPU.Build.0 = Release|Any CPU
		{D3DD15C3-93F0-4B90-9DE0-2F6EFBAEF7A8}.Debug|Any CPU.ActiveCfg = Debug|Any CPU
		{D3DD15C3-93F0-4B90-9DE0-2F6EFBAEF7A8}.Debug|Any CPU.Build.0 = Debug|Any CPU
		{D3DD15C3-93F0-4B90-9DE0-2F6EFBAEF7A8}.Release|Any CPU.ActiveCfg = Release|Any CPU
		{D3DD15C3-93F0-4B90-9DE0-2F6EFBAEF7A8}.Release|Any CPU.Build.0 = Release|Any CPU
		{A8D0C9C3-B0C2-4D81-846F-ECD9E9E561A8}.Debug|Any CPU.ActiveCfg = Debug|Any CPU
		{A8D0C9C3-B0C2-4D81-846F-ECD9E9E561A8}.Debug|Any CPU.Build.0 = Debug|Any CPU
		{A8D0C9C3-B0C2-4D81-846F-ECD9E9E561A8}.Release|Any CPU.ActiveCfg = Release|Any CPU
		{A8D0C9C3-B0C2-4D81-846F-ECD9E9E561A8}.Release|Any CPU.Build.0 = Release|Any CPU
	EndGlobalSection
	GlobalSection(SolutionProperties) = preSolution
		HideSolutionNode = FALSE
	EndGlobalSection
EndGlobal
