
Microsoft Visual Studio Solution File, Format Version 12.00
# Visual Studio 2012
Project("{FAE04EC0-301F-11D3-BF4B-00C04F79EFBC}") = "01.DeclareVariables", "DeclareVariables\01.DeclareVariables.csproj", "{DFB519C6-7AF1-4E5D-BBDF-D0B1D9034E3A}"
EndProject
Project("{FAE04EC0-301F-11D3-BF4B-00C04F79EFBC}") = "02.FloatOrDouble", "FloatOrDouble\02.FloatOrDouble.csproj", "{E555281E-B156-4AA0-B17E-8882D3A7A6C1}"
EndProject
Project("{FAE04EC0-301F-11D3-BF4B-00C04F79EFBC}") = "03.FloatPrecision", "FloatPrecision\03.FloatPrecision.csproj", "{F938FB02-C191-4A2D-B96F-1FFC3E55E2AD}"
EndProject
Project("{FAE04EC0-301F-11D3-BF4B-00C04F79EFBC}") = "04.Hexadecimal", "Hexadecimal\04.Hexadecimal.csproj", "{9D689797-E838-4B9D-A2DA-A3DC12EA74E8}"
EndProject
Project("{FAE04EC0-301F-11D3-BF4B-00C04F79EFBC}") = "05.Character", "Character\05.Character.csproj", "{804383B9-15CA-4D12-84B4-7FC082C0186B}"
EndProject
Project("{FAE04EC0-301F-11D3-BF4B-00C04F79EFBC}") = "06.Boolean", "Boolean\06.Boolean.csproj", "{624441A1-A02F-4FB9-9DC8-F1511F810F15}"
EndProject
Project("{FAE04EC0-301F-11D3-BF4B-00C04F79EFBC}") = "07.Object", "Object\07.Object.csproj", "{9297566B-82B8-4B52-AAA2-3A4CF711FECA}"
EndProject
Project("{FAE04EC0-301F-11D3-BF4B-00C04F79EFBC}") = "08.String", "String\08.String.csproj", "{EE87E537-2756-4AC3-9B73-BE2844D6BDDD}"
EndProject
Project("{FAE04EC0-301F-11D3-BF4B-00C04F79EFBC}") = "09.IsoscelesTriangle", "IsoscelesTriangle\09.IsoscelesTriangle.csproj", "{C8BE4A72-B839-4233-BBAD-17BC984895E4}"
EndProject
Project("{FAE04EC0-301F-11D3-BF4B-00C04F79EFBC}") = "10.MarketingFirm", "MarketingFirm\10.MarketingFirm.csproj", "{B8F5238D-002F-4DC7-89B9-774100B101A5}"
EndProject
Project("{FAE04EC0-301F-11D3-BF4B-00C04F79EFBC}") = "11.SwapTwoValues", "SwapTwoValues\11.SwapTwoValues.csproj", "{F2B69CFF-1A7A-4CA7-A6B5-B2E88ACC6D5B}"
EndProject
Project("{FAE04EC0-301F-11D3-BF4B-00C04F79EFBC}") = "12.ASCIITable", "ASCIITable\12.ASCIITable.csproj", "{AC252107-55EA-4335-8B04-10704E244DBC}"
EndProject
Project("{FAE04EC0-301F-11D3-BF4B-00C04F79EFBC}") = "13.NullValues", "NullValues\13.NullValues.csproj", "{201CEF1A-67B3-4AF4-BD39-DFBC4A95A316}"
EndProject
Project("{FAE04EC0-301F-11D3-BF4B-00C04F79EFBC}") = "14.BankAccount", "BankAccount\14.BankAccount.csproj", "{05E7D3B2-1F98-475D-8A6D-AA01CDD8BC7B}"
EndProject
Global
	GlobalSection(SolutionConfigurationPlatforms) = preSolution
		Debug|Any CPU = Debug|Any CPU
		Release|Any CPU = Release|Any CPU
	EndGlobalSection
	GlobalSection(ProjectConfigurationPlatforms) = postSolution
		{DFB519C6-7AF1-4E5D-BBDF-D0B1D9034E3A}.Debug|Any CPU.ActiveCfg = Debug|Any CPU
		{DFB519C6-7AF1-4E5D-BBDF-D0B1D9034E3A}.Debug|Any CPU.Build.0 = Debug|Any CPU
		{DFB519C6-7AF1-4E5D-BBDF-D0B1D9034E3A}.Release|Any CPU.ActiveCfg = Release|Any CPU
		{DFB519C6-7AF1-4E5D-BBDF-D0B1D9034E3A}.Release|Any CPU.Build.0 = Release|Any CPU
		{E555281E-B156-4AA0-B17E-8882D3A7A6C1}.Debug|Any CPU.ActiveCfg = Debug|Any CPU
		{E555281E-B156-4AA0-B17E-8882D3A7A6C1}.Debug|Any CPU.Build.0 = Debug|Any CPU
		{E555281E-B156-4AA0-B17E-8882D3A7A6C1}.Release|Any CPU.ActiveCfg = Release|Any CPU
		{E555281E-B156-4AA0-B17E-8882D3A7A6C1}.Release|Any CPU.Build.0 = Release|Any CPU
		{F938FB02-C191-4A2D-B96F-1FFC3E55E2AD}.Debug|Any CPU.ActiveCfg = Debug|Any CPU
		{F938FB02-C191-4A2D-B96F-1FFC3E55E2AD}.Debug|Any CPU.Build.0 = Debug|Any CPU
		{F938FB02-C191-4A2D-B96F-1FFC3E55E2AD}.Release|Any CPU.ActiveCfg = Release|Any CPU
		{F938FB02-C191-4A2D-B96F-1FFC3E55E2AD}.Release|Any CPU.Build.0 = Release|Any CPU
		{9D689797-E838-4B9D-A2DA-A3DC12EA74E8}.Debug|Any CPU.ActiveCfg = Debug|Any CPU
		{9D689797-E838-4B9D-A2DA-A3DC12EA74E8}.Debug|Any CPU.Build.0 = Debug|Any CPU
		{9D689797-E838-4B9D-A2DA-A3DC12EA74E8}.Release|Any CPU.ActiveCfg = Release|Any CPU
		{9D689797-E838-4B9D-A2DA-A3DC12EA74E8}.Release|Any CPU.Build.0 = Release|Any CPU
		{804383B9-15CA-4D12-84B4-7FC082C0186B}.Debug|Any CPU.ActiveCfg = Debug|Any CPU
		{804383B9-15CA-4D12-84B4-7FC082C0186B}.Debug|Any CPU.Build.0 = Debug|Any CPU
		{804383B9-15CA-4D12-84B4-7FC082C0186B}.Release|Any CPU.ActiveCfg = Release|Any CPU
		{804383B9-15CA-4D12-84B4-7FC082C0186B}.Release|Any CPU.Build.0 = Release|Any CPU
		{624441A1-A02F-4FB9-9DC8-F1511F810F15}.Debug|Any CPU.ActiveCfg = Debug|Any CPU
		{624441A1-A02F-4FB9-9DC8-F1511F810F15}.Debug|Any CPU.Build.0 = Debug|Any CPU
		{624441A1-A02F-4FB9-9DC8-F1511F810F15}.Release|Any CPU.ActiveCfg = Release|Any CPU
		{624441A1-A02F-4FB9-9DC8-F1511F810F15}.Release|Any CPU.Build.0 = Release|Any CPU
		{9297566B-82B8-4B52-AAA2-3A4CF711FECA}.Debug|Any CPU.ActiveCfg = Debug|Any CPU
		{9297566B-82B8-4B52-AAA2-3A4CF711FECA}.Debug|Any CPU.Build.0 = Debug|Any CPU
		{9297566B-82B8-4B52-AAA2-3A4CF711FECA}.Release|Any CPU.ActiveCfg = Release|Any CPU
		{9297566B-82B8-4B52-AAA2-3A4CF711FECA}.Release|Any CPU.Build.0 = Release|Any CPU
		{EE87E537-2756-4AC3-9B73-BE2844D6BDDD}.Debug|Any CPU.ActiveCfg = Debug|Any CPU
		{EE87E537-2756-4AC3-9B73-BE2844D6BDDD}.Debug|Any CPU.Build.0 = Debug|Any CPU
		{EE87E537-2756-4AC3-9B73-BE2844D6BDDD}.Release|Any CPU.ActiveCfg = Release|Any CPU
		{EE87E537-2756-4AC3-9B73-BE2844D6BDDD}.Release|Any CPU.Build.0 = Release|Any CPU
		{C8BE4A72-B839-4233-BBAD-17BC984895E4}.Debug|Any CPU.ActiveCfg = Debug|Any CPU
		{C8BE4A72-B839-4233-BBAD-17BC984895E4}.Debug|Any CPU.Build.0 = Debug|Any CPU
		{C8BE4A72-B839-4233-BBAD-17BC984895E4}.Release|Any CPU.ActiveCfg = Release|Any CPU
		{C8BE4A72-B839-4233-BBAD-17BC984895E4}.Release|Any CPU.Build.0 = Release|Any CPU
		{B8F5238D-002F-4DC7-89B9-774100B101A5}.Debug|Any CPU.ActiveCfg = Debug|Any CPU
		{B8F5238D-002F-4DC7-89B9-774100B101A5}.Debug|Any CPU.Build.0 = Debug|Any CPU
		{B8F5238D-002F-4DC7-89B9-774100B101A5}.Release|Any CPU.ActiveCfg = Release|Any CPU
		{B8F5238D-002F-4DC7-89B9-774100B101A5}.Release|Any CPU.Build.0 = Release|Any CPU
		{F2B69CFF-1A7A-4CA7-A6B5-B2E88ACC6D5B}.Debug|Any CPU.ActiveCfg = Debug|Any CPU
		{F2B69CFF-1A7A-4CA7-A6B5-B2E88ACC6D5B}.Debug|Any CPU.Build.0 = Debug|Any CPU
		{F2B69CFF-1A7A-4CA7-A6B5-B2E88ACC6D5B}.Release|Any CPU.ActiveCfg = Release|Any CPU
		{F2B69CFF-1A7A-4CA7-A6B5-B2E88ACC6D5B}.Release|Any CPU.Build.0 = Release|Any CPU
		{AC252107-55EA-4335-8B04-10704E244DBC}.Debug|Any CPU.ActiveCfg = Debug|Any CPU
		{AC252107-55EA-4335-8B04-10704E244DBC}.Debug|Any CPU.Build.0 = Debug|Any CPU
		{AC252107-55EA-4335-8B04-10704E244DBC}.Release|Any CPU.ActiveCfg = Release|Any CPU
		{AC252107-55EA-4335-8B04-10704E244DBC}.Release|Any CPU.Build.0 = Release|Any CPU
		{201CEF1A-67B3-4AF4-BD39-DFBC4A95A316}.Debug|Any CPU.ActiveCfg = Debug|Any CPU
		{201CEF1A-67B3-4AF4-BD39-DFBC4A95A316}.Debug|Any CPU.Build.0 = Debug|Any CPU
		{201CEF1A-67B3-4AF4-BD39-DFBC4A95A316}.Release|Any CPU.ActiveCfg = Release|Any CPU
		{201CEF1A-67B3-4AF4-BD39-DFBC4A95A316}.Release|Any CPU.Build.0 = Release|Any CPU
		{05E7D3B2-1F98-475D-8A6D-AA01CDD8BC7B}.Debug|Any CPU.ActiveCfg = Debug|Any CPU
		{05E7D3B2-1F98-475D-8A6D-AA01CDD8BC7B}.Debug|Any CPU.Build.0 = Debug|Any CPU
		{05E7D3B2-1F98-475D-8A6D-AA01CDD8BC7B}.Release|Any CPU.ActiveCfg = Release|Any CPU
		{05E7D3B2-1F98-475D-8A6D-AA01CDD8BC7B}.Release|Any CPU.Build.0 = Release|Any CPU
	EndGlobalSection
	GlobalSection(SolutionProperties) = preSolution
		HideSolutionNode = FALSE
	EndGlobalSection
EndGlobal
