
Microsoft Visual Studio Solution File, Format Version 12.00
# Visual Studio 2012
Project("{FAE04EC0-301F-11D3-BF4B-00C04F79EFBC}") = "01.ConvertDecimalToBinary", "ConvertDecimalToBinary\01.ConvertDecimalToBinary.csproj", "{DFB519C6-7AF1-4E5D-BBDF-D0B1D9034E3A}"
EndProject
Project("{FAE04EC0-301F-11D3-BF4B-00C04F79EFBC}") = "02.ConvertBinaryToDecimal", "ConvertBinaryToDecimal\02.ConvertBinaryToDecimal.csproj", "{05782A4B-B984-400B-9FEC-242A6742BD43}"
EndProject
Project("{FAE04EC0-301F-11D3-BF4B-00C04F79EFBC}") = "03.ConvertDecimalToHexadecimal", "ConvertDecimalToHexadecimal\03.ConvertDecimalToHexadecimal.csproj", "{B3DC1531-13C9-491E-AD14-14235C4226C8}"
EndProject
Project("{FAE04EC0-301F-11D3-BF4B-00C04F79EFBC}") = "04.ConvertHexadecimalToDecimal", "ConvertHexadecimalToDecimal\04.ConvertHexadecimalToDecimal.csproj", "{575297CF-A09F-4B2F-84A7-0B15D196C92C}"
EndProject
Project("{FAE04EC0-301F-11D3-BF4B-00C04F79EFBC}") = "08.ShortToBinary", "ShortToBinary\08.ShortToBinary.csproj", "{EBC30631-B3C7-40F1-BB07-996DB13FFF4E}"
EndProject
Project("{FAE04EC0-301F-11D3-BF4B-00C04F79EFBC}") = "05.ConvertHexadecimalToBinary", "ConvertHexadecimalToBinary\05.ConvertHexadecimalToBinary.csproj", "{EE9C39C3-7837-48DC-8E46-7143D99B66A7}"
EndProject
Project("{FAE04EC0-301F-11D3-BF4B-00C04F79EFBC}") = "06.ConvertBinaryToHexadecimal", "ConvertBinaryToHexadecimal\06.ConvertBinaryToHexadecimal.csproj", "{7F44FFED-28DA-4974-820B-3BCE87804D52}"
EndProject
Project("{FAE04EC0-301F-11D3-BF4B-00C04F79EFBC}") = "09.FloatToBinary", "FloatToBinary\09.FloatToBinary.csproj", "{6E80AE06-2BC4-4757-83AC-0793A4D2E0B1}"
EndProject
Project("{FAE04EC0-301F-11D3-BF4B-00C04F79EFBC}") = "07.ConvertAnyNumeralSystem", "ConvertAnyNumeralSystem\07.ConvertAnyNumeralSystem.csproj", "{1DA8CC71-50F9-4E64-A804-A8D2FEE9E818}"
EndProject
Global
	GlobalSection(TeamFoundationVersionControl) = preSolution
		SccNumberOfProjects = 10
		SccEnterpriseProvider = {4CA58AB2-18FA-4F8D-95D4-32DDF27D184C}
		SccTeamFoundationServer = https://anastasoff.visualstudio.com/defaultcollection
		SccLocalPath0 = .
		SccProjectUniqueName1 = ConvertDecimalToBinary\\01.ConvertDecimalToBinary.csproj
		SccProjectName1 = ConvertDecimalToBinary
		SccLocalPath1 = ConvertDecimalToBinary
		SccProjectUniqueName2 = ConvertBinaryToDecimal\\02.ConvertBinaryToDecimal.csproj
		SccProjectName2 = ConvertBinaryToDecimal
		SccLocalPath2 = ConvertBinaryToDecimal
		SccProjectUniqueName3 = ConvertDecimalToHexadecimal\\03.ConvertDecimalToHexadecimal.csproj
		SccProjectName3 = ConvertDecimalToHexadecimal
		SccLocalPath3 = ConvertDecimalToHexadecimal
		SccProjectUniqueName4 = ConvertHexadecimalToDecimal\\04.ConvertHexadecimalToDecimal.csproj
		SccProjectName4 = ConvertHexadecimalToDecimal
		SccLocalPath4 = ConvertHexadecimalToDecimal
		SccProjectUniqueName5 = ShortToBinary\\08.ShortToBinary.csproj
		SccProjectName5 = ShortToBinary
		SccLocalPath5 = ShortToBinary
		SccProjectUniqueName6 = ConvertHexadecimalToBinary\\05.ConvertHexadecimalToBinary.csproj
		SccProjectName6 = ConvertHexadecimalToBinary
		SccLocalPath6 = ConvertHexadecimalToBinary
		SccProjectUniqueName7 = ConvertBinaryToHexadecimal\\06.ConvertBinaryToHexadecimal.csproj
		SccProjectName7 = ConvertBinaryToHexadecimal
		SccLocalPath7 = ConvertBinaryToHexadecimal
		SccProjectUniqueName8 = FloatToBinary\\09.FloatToBinary.csproj
		SccProjectName8 = FloatToBinary
		SccLocalPath8 = FloatToBinary
		SccProjectUniqueName9 = ConvertAnyNumeralSystem\\07.ConvertAnyNumeralSystem.csproj
		SccProjectName9 = ConvertAnyNumeralSystem
		SccLocalPath9 = ConvertAnyNumeralSystem
	EndGlobalSection
	GlobalSection(SolutionConfigurationPlatforms) = preSolution
		Debug|Any CPU = Debug|Any CPU
		Release|Any CPU = Release|Any CPU
	EndGlobalSection
	GlobalSection(ProjectConfigurationPlatforms) = postSolution
		{DFB519C6-7AF1-4E5D-BBDF-D0B1D9034E3A}.Debug|Any CPU.ActiveCfg = Debug|Any CPU
		{DFB519C6-7AF1-4E5D-BBDF-D0B1D9034E3A}.Debug|Any CPU.Build.0 = Debug|Any CPU
		{DFB519C6-7AF1-4E5D-BBDF-D0B1D9034E3A}.Release|Any CPU.ActiveCfg = Release|Any CPU
		{DFB519C6-7AF1-4E5D-BBDF-D0B1D9034E3A}.Release|Any CPU.Build.0 = Release|Any CPU
		{05782A4B-B984-400B-9FEC-242A6742BD43}.Debug|Any CPU.ActiveCfg = Debug|Any CPU
		{05782A4B-B984-400B-9FEC-242A6742BD43}.Debug|Any CPU.Build.0 = Debug|Any CPU
		{05782A4B-B984-400B-9FEC-242A6742BD43}.Release|Any CPU.ActiveCfg = Release|Any CPU
		{05782A4B-B984-400B-9FEC-242A6742BD43}.Release|Any CPU.Build.0 = Release|Any CPU
		{B3DC1531-13C9-491E-AD14-14235C4226C8}.Debug|Any CPU.ActiveCfg = Debug|Any CPU
		{B3DC1531-13C9-491E-AD14-14235C4226C8}.Debug|Any CPU.Build.0 = Debug|Any CPU
		{B3DC1531-13C9-491E-AD14-14235C4226C8}.Release|Any CPU.ActiveCfg = Release|Any CPU
		{B3DC1531-13C9-491E-AD14-14235C4226C8}.Release|Any CPU.Build.0 = Release|Any CPU
		{575297CF-A09F-4B2F-84A7-0B15D196C92C}.Debug|Any CPU.ActiveCfg = Debug|Any CPU
		{575297CF-A09F-4B2F-84A7-0B15D196C92C}.Debug|Any CPU.Build.0 = Debug|Any CPU
		{575297CF-A09F-4B2F-84A7-0B15D196C92C}.Release|Any CPU.ActiveCfg = Release|Any CPU
		{575297CF-A09F-4B2F-84A7-0B15D196C92C}.Release|Any CPU.Build.0 = Release|Any CPU
		{EBC30631-B3C7-40F1-BB07-996DB13FFF4E}.Debug|Any CPU.ActiveCfg = Debug|Any CPU
		{EBC30631-B3C7-40F1-BB07-996DB13FFF4E}.Debug|Any CPU.Build.0 = Debug|Any CPU
		{EBC30631-B3C7-40F1-BB07-996DB13FFF4E}.Release|Any CPU.ActiveCfg = Release|Any CPU
		{EBC30631-B3C7-40F1-BB07-996DB13FFF4E}.Release|Any CPU.Build.0 = Release|Any CPU
		{EE9C39C3-7837-48DC-8E46-7143D99B66A7}.Debug|Any CPU.ActiveCfg = Debug|Any CPU
		{EE9C39C3-7837-48DC-8E46-7143D99B66A7}.Debug|Any CPU.Build.0 = Debug|Any CPU
		{EE9C39C3-7837-48DC-8E46-7143D99B66A7}.Release|Any CPU.ActiveCfg = Release|Any CPU
		{EE9C39C3-7837-48DC-8E46-7143D99B66A7}.Release|Any CPU.Build.0 = Release|Any CPU
		{7F44FFED-28DA-4974-820B-3BCE87804D52}.Debug|Any CPU.ActiveCfg = Debug|Any CPU
		{7F44FFED-28DA-4974-820B-3BCE87804D52}.Debug|Any CPU.Build.0 = Debug|Any CPU
		{7F44FFED-28DA-4974-820B-3BCE87804D52}.Release|Any CPU.ActiveCfg = Release|Any CPU
		{7F44FFED-28DA-4974-820B-3BCE87804D52}.Release|Any CPU.Build.0 = Release|Any CPU
		{6E80AE06-2BC4-4757-83AC-0793A4D2E0B1}.Debug|Any CPU.ActiveCfg = Debug|Any CPU
		{6E80AE06-2BC4-4757-83AC-0793A4D2E0B1}.Debug|Any CPU.Build.0 = Debug|Any CPU
		{6E80AE06-2BC4-4757-83AC-0793A4D2E0B1}.Release|Any CPU.ActiveCfg = Release|Any CPU
		{6E80AE06-2BC4-4757-83AC-0793A4D2E0B1}.Release|Any CPU.Build.0 = Release|Any CPU
		{1DA8CC71-50F9-4E64-A804-A8D2FEE9E818}.Debug|Any CPU.ActiveCfg = Debug|Any CPU
		{1DA8CC71-50F9-4E64-A804-A8D2FEE9E818}.Debug|Any CPU.Build.0 = Debug|Any CPU
		{1DA8CC71-50F9-4E64-A804-A8D2FEE9E818}.Release|Any CPU.ActiveCfg = Release|Any CPU
		{1DA8CC71-50F9-4E64-A804-A8D2FEE9E818}.Release|Any CPU.Build.0 = Release|Any CPU
	EndGlobalSection
	GlobalSection(SolutionProperties) = preSolution
		HideSolutionNode = FALSE
	EndGlobalSection
EndGlobal
