
Microsoft Visual Studio Solution File, Format Version 12.00
# Visual Studio 2013
VisualStudioVersion = 12.0.30723.0
MinimumVisualStudioVersion = 10.0.40219.1
Project("{FAE04EC0-301F-11D3-BF4B-00C04F79EFBC}") = "BinaryPasswords", "BinaryPasswords\BinaryPasswords.csproj", "{5DD00E04-C29E-4013-992D-6E50553D7B5E}"
EndProject
Project("{FAE04EC0-301F-11D3-BF4B-00C04F79EFBC}") = "ColoredBunny", "ColoredBunny\ColoredBunny.csproj", "{40B7C357-3430-4585-A5F1-E7367F6DFB0E}"
EndProject
Global
	GlobalSection(SolutionConfigurationPlatforms) = preSolution
		Debug|Any CPU = Debug|Any CPU
		Release|Any CPU = Release|Any CPU
	EndGlobalSection
	GlobalSection(ProjectConfigurationPlatforms) = postSolution
		{5DD00E04-C29E-4013-992D-6E50553D7B5E}.Debug|Any CPU.ActiveCfg = Debug|Any CPU
		{5DD00E04-C29E-4013-992D-6E50553D7B5E}.Debug|Any CPU.Build.0 = Debug|Any CPU
		{5DD00E04-C29E-4013-992D-6E50553D7B5E}.Release|Any CPU.ActiveCfg = Release|Any CPU
		{5DD00E04-C29E-4013-992D-6E50553D7B5E}.Release|Any CPU.Build.0 = Release|Any CPU
		{40B7C357-3430-4585-A5F1-E7367F6DFB0E}.Debug|Any CPU.ActiveCfg = Debug|Any CPU
		{40B7C357-3430-4585-A5F1-E7367F6DFB0E}.Debug|Any CPU.Build.0 = Debug|Any CPU
		{40B7C357-3430-4585-A5F1-E7367F6DFB0E}.Release|Any CPU.ActiveCfg = Release|Any CPU
		{40B7C357-3430-4585-A5F1-E7367F6DFB0E}.Release|Any CPU.Build.0 = Release|Any CPU
	EndGlobalSection
	GlobalSection(SolutionProperties) = preSolution
		HideSolutionNode = FALSE
	EndGlobalSection
EndGlobal
