
Microsoft Visual Studio Solution File, Format Version 12.00
# Visual Studio 2013
VisualStudioVersion = 12.0.30501.0
MinimumVisualStudioVersion = 10.0.40219.1
Project("{FAE04EC0-301F-11D3-BF4B-00C04F79EFBC}") = "01.Compute", "Compute\01.Compute.csproj", "{401A18B3-A1FF-45BA-88FD-EC4C4E9517ED}"
EndProject
Project("{FAE04EC0-301F-11D3-BF4B-00C04F79EFBC}") = "02.CalcCount", "CalcCount\02.CalcCount.csproj", "{FCEEE479-642C-4212-A1AB-1486652851A3}"
EndProject
Project("{FAE04EC0-301F-11D3-BF4B-00C04F79EFBC}") = "03.CalcSum", "CalcSum\03.CalcSum.csproj", "{6E3CC71E-EE22-4F8C-8760-4049B44FEEBC}"
EndProject
Global
	GlobalSection(SolutionConfigurationPlatforms) = preSolution
		Debug|Any CPU = Debug|Any CPU
		Release|Any CPU = Release|Any CPU
	EndGlobalSection
	GlobalSection(ProjectConfigurationPlatforms) = postSolution
		{401A18B3-A1FF-45BA-88FD-EC4C4E9517ED}.Debug|Any CPU.ActiveCfg = Debug|Any CPU
		{401A18B3-A1FF-45BA-88FD-EC4C4E9517ED}.Debug|Any CPU.Build.0 = Debug|Any CPU
		{401A18B3-A1FF-45BA-88FD-EC4C4E9517ED}.Release|Any CPU.ActiveCfg = Release|Any CPU
		{401A18B3-A1FF-45BA-88FD-EC4C4E9517ED}.Release|Any CPU.Build.0 = Release|Any CPU
		{FCEEE479-642C-4212-A1AB-1486652851A3}.Debug|Any CPU.ActiveCfg = Debug|Any CPU
		{FCEEE479-642C-4212-A1AB-1486652851A3}.Debug|Any CPU.Build.0 = Debug|Any CPU
		{FCEEE479-642C-4212-A1AB-1486652851A3}.Release|Any CPU.ActiveCfg = Release|Any CPU
		{FCEEE479-642C-4212-A1AB-1486652851A3}.Release|Any CPU.Build.0 = Release|Any CPU
		{6E3CC71E-EE22-4F8C-8760-4049B44FEEBC}.Debug|Any CPU.ActiveCfg = Debug|Any CPU
		{6E3CC71E-EE22-4F8C-8760-4049B44FEEBC}.Debug|Any CPU.Build.0 = Debug|Any CPU
		{6E3CC71E-EE22-4F8C-8760-4049B44FEEBC}.Release|Any CPU.ActiveCfg = Release|Any CPU
		{6E3CC71E-EE22-4F8C-8760-4049B44FEEBC}.Release|Any CPU.Build.0 = Release|Any CPU
	EndGlobalSection
	GlobalSection(SolutionProperties) = preSolution
		HideSolutionNode = FALSE
	EndGlobalSection
EndGlobal
