
Microsoft Visual Studio Solution File, Format Version 12.00
# Visual Studio 2013
VisualStudioVersion = 12.0.30501.0
MinimumVisualStudioVersion = 10.0.40219.1
Project("{E24C65DC-7377-472B-9ABA-BC803B73C61A}") = "Task 1", "http://localhost:3162", "{AE6D39A0-15C5-4C9C-8E2D-B7048567F077}"
	ProjectSection(WebsiteProperties) = preProject
		UseIISExpress = "true"
		TargetFrameworkMoniker = ".NETFramework,Version%3Dv4.0"
		Debug.AspNetCompiler.VirtualPath = "/localhost_3162"
		Debug.AspNetCompiler.PhysicalPath = "Task 1\"
		Debug.AspNetCompiler.TargetPath = "PrecompiledWeb\localhost_3162\"
		Debug.AspNetCompiler.Updateable = "true"
		Debug.AspNetCompiler.ForceOverwrite = "true"
		Debug.AspNetCompiler.FixedNames = "false"
		Debug.AspNetCompiler.Debug = "True"
		Release.AspNetCompiler.VirtualPath = "/localhost_3162"
		Release.AspNetCompiler.PhysicalPath = "Task 1\"
		Release.AspNetCompiler.TargetPath = "PrecompiledWeb\localhost_3162\"
		Release.AspNetCompiler.Updateable = "true"
		Release.AspNetCompiler.ForceOverwrite = "true"
		Release.AspNetCompiler.FixedNames = "false"
		Release.AspNetCompiler.Debug = "False"
		SlnRelativePath = "Task 1\"
	EndProjectSection
EndProject
Project("{E24C65DC-7377-472B-9ABA-BC803B73C61A}") = "Task 2", "http://localhost:3165", "{F0621F48-4552-4C26-B74D-E8F6919E0651}"
	ProjectSection(WebsiteProperties) = preProject
		UseIISExpress = "true"
		TargetFrameworkMoniker = ".NETFramework,Version%3Dv4.0"
		Debug.AspNetCompiler.VirtualPath = "/localhost_3165"
		Debug.AspNetCompiler.PhysicalPath = "Task 2\"
		Debug.AspNetCompiler.TargetPath = "PrecompiledWeb\localhost_3165\"
		Debug.AspNetCompiler.Updateable = "true"
		Debug.AspNetCompiler.ForceOverwrite = "true"
		Debug.AspNetCompiler.FixedNames = "false"
		Debug.AspNetCompiler.Debug = "True"
		Release.AspNetCompiler.VirtualPath = "/localhost_3165"
		Release.AspNetCompiler.PhysicalPath = "Task 2\"
		Release.AspNetCompiler.TargetPath = "PrecompiledWeb\localhost_3165\"
		Release.AspNetCompiler.Updateable = "true"
		Release.AspNetCompiler.ForceOverwrite = "true"
		Release.AspNetCompiler.FixedNames = "false"
		Release.AspNetCompiler.Debug = "False"
		SlnRelativePath = "Task 2\"
	EndProjectSection
EndProject
Project("{E24C65DC-7377-472B-9ABA-BC803B73C61A}") = "Task 3", "http://localhost:3169", "{2F22B32A-AF6C-41BF-AF95-40F59E0D71A0}"
	ProjectSection(WebsiteProperties) = preProject
		UseIISExpress = "true"
		TargetFrameworkMoniker = ".NETFramework,Version%3Dv4.0"
		Debug.AspNetCompiler.VirtualPath = "/localhost_3169"
		Debug.AspNetCompiler.PhysicalPath = "Task 3\"
		Debug.AspNetCompiler.TargetPath = "PrecompiledWeb\localhost_3169\"
		Debug.AspNetCompiler.Updateable = "true"
		Debug.AspNetCompiler.ForceOverwrite = "true"
		Debug.AspNetCompiler.FixedNames = "false"
		Debug.AspNetCompiler.Debug = "True"
		Release.AspNetCompiler.VirtualPath = "/localhost_3169"
		Release.AspNetCompiler.PhysicalPath = "Task 3\"
		Release.AspNetCompiler.TargetPath = "PrecompiledWeb\localhost_3169\"
		Release.AspNetCompiler.Updateable = "true"
		Release.AspNetCompiler.ForceOverwrite = "true"
		Release.AspNetCompiler.FixedNames = "false"
		Release.AspNetCompiler.Debug = "False"
		SlnRelativePath = "Task 3\"
	EndProjectSection
EndProject
Global
	GlobalSection(SolutionConfigurationPlatforms) = preSolution
		Debug|Any CPU = Debug|Any CPU
	EndGlobalSection
	GlobalSection(ProjectConfigurationPlatforms) = postSolution
		{AE6D39A0-15C5-4C9C-8E2D-B7048567F077}.Debug|Any CPU.ActiveCfg = Debug|Any CPU
		{AE6D39A0-15C5-4C9C-8E2D-B7048567F077}.Debug|Any CPU.Build.0 = Debug|Any CPU
		{F0621F48-4552-4C26-B74D-E8F6919E0651}.Debug|Any CPU.ActiveCfg = Debug|Any CPU
		{F0621F48-4552-4C26-B74D-E8F6919E0651}.Debug|Any CPU.Build.0 = Debug|Any CPU
		{2F22B32A-AF6C-41BF-AF95-40F59E0D71A0}.Debug|Any CPU.ActiveCfg = Debug|Any CPU
		{2F22B32A-AF6C-41BF-AF95-40F59E0D71A0}.Debug|Any CPU.Build.0 = Debug|Any CPU
	EndGlobalSection
	GlobalSection(SolutionProperties) = preSolution
		HideSolutionNode = FALSE
	EndGlobalSection
EndGlobal
